// !$*UTF8*$!
{
	archiveVersion = 1;
	classes = {
	};
	objectVersion = 56;
	objects = {

/* Begin PBXBuildFile section */
		23283A8B2CBCD3F900E9DB0F /* LoginViewController.swift in Sources */ = {isa = PBXBuildFile; fileRef = 23283A8A2CBCD3F900E9DB0F /* LoginViewController.swift */; };
		23283A8E2CBCD45900E9DB0F /* APIWrapper.swift in Sources */ = {isa = PBXBuildFile; fileRef = 23283A8D2CBCD45900E9DB0F /* APIWrapper.swift */; };
		23283A902CBCD4C100E9DB0F /* LoginInteractor.swift in Sources */ = {isa = PBXBuildFile; fileRef = 23283A8F2CBCD4C100E9DB0F /* LoginInteractor.swift */; };
		23283A922CBCD5DE00E9DB0F /* LoginResponseModel.swift in Sources */ = {isa = PBXBuildFile; fileRef = 23283A912CBCD5DE00E9DB0F /* LoginResponseModel.swift */; };
		23283A962CBCD7A700E9DB0F /* LoginPresenter.swift in Sources */ = {isa = PBXBuildFile; fileRef = 23283A952CBCD7A700E9DB0F /* LoginPresenter.swift */; };
		23283A982CBCD82100E9DB0F /* LoginRouter.swift in Sources */ = {isa = PBXBuildFile; fileRef = 23283A972CBCD82100E9DB0F /* LoginRouter.swift */; };
		23283A9B2CBCEB3A00E9DB0F /* NVActivityIndicatorView in Frameworks */ = {isa = PBXBuildFile; productRef = 23283A9A2CBCEB3A00E9DB0F /* NVActivityIndicatorView */; };
		23283A9D2CBCEB3A00E9DB0F /* NVActivityIndicatorViewExtended in Frameworks */ = {isa = PBXBuildFile; productRef = 23283A9C2CBCEB3A00E9DB0F /* NVActivityIndicatorViewExtended */; };
		23283AA02CBCEB4B00E9DB0F /* IQKeyboardManagerSwift in Frameworks */ = {isa = PBXBuildFile; productRef = 23283A9F2CBCEB4B00E9DB0F /* IQKeyboardManagerSwift */; };
		23283AA32CBCEB9600E9DB0F /* TextFieldEffects in Frameworks */ = {isa = PBXBuildFile; productRef = 23283AA22CBCEB9600E9DB0F /* TextFieldEffects */; };
		23283AA52CBD0DA100E9DB0F /* SalaryReportModel.swift in Sources */ = {isa = PBXBuildFile; fileRef = 23283AA42CBD0DA100E9DB0F /* SalaryReportModel.swift */; };
		23283AA72CBD0E5700E9DB0F /* ReportsInteractor.swift in Sources */ = {isa = PBXBuildFile; fileRef = 23283AA62CBD0E5700E9DB0F /* ReportsInteractor.swift */; };
		23283AA92CBD106500E9DB0F /* ReportsPresenter.swift in Sources */ = {isa = PBXBuildFile; fileRef = 23283AA82CBD106500E9DB0F /* ReportsPresenter.swift */; };
		23283AAB2CBD140200E9DB0F /* ReportsRouter.swift in Sources */ = {isa = PBXBuildFile; fileRef = 23283AAA2CBD140200E9DB0F /* ReportsRouter.swift */; };
		23283AAD2CBD21D100E9DB0F /* Utils.swift in Sources */ = {isa = PBXBuildFile; fileRef = 23283AAC2CBD21D100E9DB0F /* Utils.swift */; };
		23788DD82CC24B8D003CBEE1 /* SalaryReportResponse.swift in Sources */ = {isa = PBXBuildFile; fileRef = 23788DD72CC24B8D003CBEE1 /* SalaryReportResponse.swift */; };
		23788DDC2CC24C13003CBEE1 /* SalaryDetailsInteractor.swift in Sources */ = {isa = PBXBuildFile; fileRef = 23788DDB2CC24C13003CBEE1 /* SalaryDetailsInteractor.swift */; };
		23788DDE2CC24D24003CBEE1 /* SalaryDetailsPresenter.swift in Sources */ = {isa = PBXBuildFile; fileRef = 23788DDD2CC24D24003CBEE1 /* SalaryDetailsPresenter.swift */; };
		23788DE02CC24EB0003CBEE1 /* SalaryDetailsRouter.swift in Sources */ = {isa = PBXBuildFile; fileRef = 23788DDF2CC24EB0003CBEE1 /* SalaryDetailsRouter.swift */; };
		238D522E2CC1081A00927D4C /* Constants.swift in Sources */ = {isa = PBXBuildFile; fileRef = 238D522D2CC1081A00927D4C /* Constants.swift */; };
		238D52302CC10F8100927D4C /* ProfileDataModel.swift in Sources */ = {isa = PBXBuildFile; fileRef = 238D522F2CC10F8100927D4C /* ProfileDataModel.swift */; };
		238D52322CC10FC400927D4C /* ProfileInteractor.swift in Sources */ = {isa = PBXBuildFile; fileRef = 238D52312CC10FC400927D4C /* ProfileInteractor.swift */; };
		238D52342CC110D200927D4C /* ProfilePresenter.swift in Sources */ = {isa = PBXBuildFile; fileRef = 238D52332CC110D200927D4C /* ProfilePresenter.swift */; };
		238D52362CC1157000927D4C /* ProfileRouter.swift in Sources */ = {isa = PBXBuildFile; fileRef = 238D52352CC1157000927D4C /* ProfileRouter.swift */; };
		5D0296982CABC4770037427C /* AppDelegate.swift in Sources */ = {isa = PBXBuildFile; fileRef = 5D0296972CABC4770037427C /* AppDelegate.swift */; };
		5D02969A2CABC4770037427C /* SceneDelegate.swift in Sources */ = {isa = PBXBuildFile; fileRef = 5D0296992CABC4770037427C /* SceneDelegate.swift */; };
		5D02969F2CABC4770037427C /* Base in Resources */ = {isa = PBXBuildFile; fileRef = 5D02969E2CABC4770037427C /* Base */; };
		5D0296A22CABC4770037427C /* SIMATS_360.xcdatamodeld in Sources */ = {isa = PBXBuildFile; fileRef = 5D0296A02CABC4770037427C /* SIMATS_360.xcdatamodeld */; };
		5D0296A42CABC4780037427C /* Assets.xcassets in Resources */ = {isa = PBXBuildFile; fileRef = 5D0296A32CABC4780037427C /* Assets.xcassets */; };
		5D0296A72CABC4780037427C /* Base in Resources */ = {isa = PBXBuildFile; fileRef = 5D0296A62CABC4780037427C /* Base */; };
		5D0296B22CABC4780037427C /* SIMATS_360Tests.swift in Sources */ = {isa = PBXBuildFile; fileRef = 5D0296B12CABC4780037427C /* SIMATS_360Tests.swift */; };
		5D0296BC2CABC4780037427C /* SIMATS_360UITests.swift in Sources */ = {isa = PBXBuildFile; fileRef = 5D0296BB2CABC4780037427C /* SIMATS_360UITests.swift */; };
		5D0296BE2CABC4780037427C /* SIMATS_360UITestsLaunchTests.swift in Sources */ = {isa = PBXBuildFile; fileRef = 5D0296BD2CABC4780037427C /* SIMATS_360UITestsLaunchTests.swift */; };
		5D0296CB2CABE77F0037427C /* EmployeeTabBarViewController.swift in Sources */ = {isa = PBXBuildFile; fileRef = 5D0296CA2CABE77F0037427C /* EmployeeTabBarViewController.swift */; };
		5D0296D02CABE80E0037427C /* UIViewControllerExtension.swift in Sources */ = {isa = PBXBuildFile; fileRef = 5D0296CC2CABE80E0037427C /* UIViewControllerExtension.swift */; };
		5D0296D12CABE80E0037427C /* UIColorExtension.swift in Sources */ = {isa = PBXBuildFile; fileRef = 5D0296CD2CABE80E0037427C /* UIColorExtension.swift */; };
		5D0296D22CABE80E0037427C /* UIViewExtension.swift in Sources */ = {isa = PBXBuildFile; fileRef = 5D0296CE2CABE80E0037427C /* UIViewExtension.swift */; };
		5D0296D32CABE80E0037427C /* UIImageExtension.swift in Sources */ = {isa = PBXBuildFile; fileRef = 5D0296CF2CABE80E0037427C /* UIImageExtension.swift */; };
		5D0296D52CABE8410037427C /* EmployeeHomeViewController.swift in Sources */ = {isa = PBXBuildFile; fileRef = 5D0296D42CABE8410037427C /* EmployeeHomeViewController.swift */; };
		5D0296D72CABE8E60037427C /* NotificationViewController.swift in Sources */ = {isa = PBXBuildFile; fileRef = 5D0296D62CABE8E60037427C /* NotificationViewController.swift */; };
		5D0296D92CABE91E0037427C /* ReportsViewController.swift in Sources */ = {isa = PBXBuildFile; fileRef = 5D0296D82CABE91E0037427C /* ReportsViewController.swift */; };
		5D0296DB2CABE95F0037427C /* ProfileViewController.swift in Sources */ = {isa = PBXBuildFile; fileRef = 5D0296DA2CABE95F0037427C /* ProfileViewController.swift */; };
		5D0297012CABF21A0037427C /* Inter Black.ttf in Resources */ = {isa = PBXBuildFile; fileRef = 5D0296DC2CABF21A0037427C /* Inter Black.ttf */; };
		5D0297022CABF21A0037427C /* Inter-BlackItalic.ttf in Resources */ = {isa = PBXBuildFile; fileRef = 5D0296DD2CABF21A0037427C /* Inter-BlackItalic.ttf */; };
		5D0297032CABF21A0037427C /* Inter-Bold.ttf in Resources */ = {isa = PBXBuildFile; fileRef = 5D0296DE2CABF21A0037427C /* Inter-Bold.ttf */; };
		5D0297042CABF21A0037427C /* Inter-BoldItalic.ttf in Resources */ = {isa = PBXBuildFile; fileRef = 5D0296DF2CABF21A0037427C /* Inter-BoldItalic.ttf */; };
		5D0297052CABF21A0037427C /* Inter-ExtraBold.ttf in Resources */ = {isa = PBXBuildFile; fileRef = 5D0296E02CABF21A0037427C /* Inter-ExtraBold.ttf */; };
		5D0297062CABF21A0037427C /* Inter-ExtraBoldItalic.ttf in Resources */ = {isa = PBXBuildFile; fileRef = 5D0296E12CABF21A0037427C /* Inter-ExtraBoldItalic.ttf */; };
		5D0297072CABF21A0037427C /* Inter-ExtraLight.ttf in Resources */ = {isa = PBXBuildFile; fileRef = 5D0296E22CABF21A0037427C /* Inter-ExtraLight.ttf */; };
		5D0297082CABF21A0037427C /* Inter-ExtraLightItalic.ttf in Resources */ = {isa = PBXBuildFile; fileRef = 5D0296E32CABF21A0037427C /* Inter-ExtraLightItalic.ttf */; };
		5D0297092CABF21A0037427C /* Inter-Italic.ttf in Resources */ = {isa = PBXBuildFile; fileRef = 5D0296E42CABF21A0037427C /* Inter-Italic.ttf */; };
		5D02970A2CABF21A0037427C /* Inter-Light.ttf in Resources */ = {isa = PBXBuildFile; fileRef = 5D0296E52CABF21A0037427C /* Inter-Light.ttf */; };
		5D02970B2CABF21A0037427C /* Inter-LightItalic.ttf in Resources */ = {isa = PBXBuildFile; fileRef = 5D0296E62CABF21A0037427C /* Inter-LightItalic.ttf */; };
		5D02970C2CABF21A0037427C /* Inter-Medium.ttf in Resources */ = {isa = PBXBuildFile; fileRef = 5D0296E72CABF21A0037427C /* Inter-Medium.ttf */; };
		5D02970D2CABF21A0037427C /* Inter-MediumItalic.ttf in Resources */ = {isa = PBXBuildFile; fileRef = 5D0296E82CABF21A0037427C /* Inter-MediumItalic.ttf */; };
		5D02970E2CABF21A0037427C /* Inter-Regular.ttf in Resources */ = {isa = PBXBuildFile; fileRef = 5D0296E92CABF21A0037427C /* Inter-Regular.ttf */; };
		5D02970F2CABF21A0037427C /* Inter-SemiBold.ttf in Resources */ = {isa = PBXBuildFile; fileRef = 5D0296EA2CABF21A0037427C /* Inter-SemiBold.ttf */; };
		5D0297102CABF21A0037427C /* Inter-SemiBoldItalic.ttf in Resources */ = {isa = PBXBuildFile; fileRef = 5D0296EB2CABF21A0037427C /* Inter-SemiBoldItalic.ttf */; };
		5D0297112CABF21A0037427C /* Inter-Thin.ttf in Resources */ = {isa = PBXBuildFile; fileRef = 5D0296EC2CABF21A0037427C /* Inter-Thin.ttf */; };
		5D0297122CABF21A0037427C /* Inter-ThinItalic.ttf in Resources */ = {isa = PBXBuildFile; fileRef = 5D0296ED2CABF21A0037427C /* Inter-ThinItalic.ttf */; };
		5D0297132CABF21A0037427C /* InterDisplay-Black.ttf in Resources */ = {isa = PBXBuildFile; fileRef = 5D0296EE2CABF21A0037427C /* InterDisplay-Black.ttf */; };
		5D0297142CABF21A0037427C /* InterDisplay-BlackItalic.ttf in Resources */ = {isa = PBXBuildFile; fileRef = 5D0296EF2CABF21A0037427C /* InterDisplay-BlackItalic.ttf */; };
		5D0297152CABF21A0037427C /* InterDisplay-Bold.ttf in Resources */ = {isa = PBXBuildFile; fileRef = 5D0296F02CABF21A0037427C /* InterDisplay-Bold.ttf */; };
		5D0297162CABF21A0037427C /* InterDisplay-BoldItalic.ttf in Resources */ = {isa = PBXBuildFile; fileRef = 5D0296F12CABF21A0037427C /* InterDisplay-BoldItalic.ttf */; };
		5D0297172CABF21A0037427C /* InterDisplay-ExtraBold.ttf in Resources */ = {isa = PBXBuildFile; fileRef = 5D0296F22CABF21A0037427C /* InterDisplay-ExtraBold.ttf */; };
		5D0297182CABF21A0037427C /* InterDisplay-ExtraBoldItalic.ttf in Resources */ = {isa = PBXBuildFile; fileRef = 5D0296F32CABF21A0037427C /* InterDisplay-ExtraBoldItalic.ttf */; };
		5D0297192CABF21A0037427C /* InterDisplay-ExtraLight.ttf in Resources */ = {isa = PBXBuildFile; fileRef = 5D0296F42CABF21A0037427C /* InterDisplay-ExtraLight.ttf */; };
		5D02971A2CABF21A0037427C /* InterDisplay-ExtraLightItalic.ttf in Resources */ = {isa = PBXBuildFile; fileRef = 5D0296F52CABF21A0037427C /* InterDisplay-ExtraLightItalic.ttf */; };
		5D02971B2CABF21A0037427C /* InterDisplay-Italic.ttf in Resources */ = {isa = PBXBuildFile; fileRef = 5D0296F62CABF21A0037427C /* InterDisplay-Italic.ttf */; };
		5D02971C2CABF21A0037427C /* InterDisplay-Light.ttf in Resources */ = {isa = PBXBuildFile; fileRef = 5D0296F72CABF21A0037427C /* InterDisplay-Light.ttf */; };
		5D02971D2CABF21A0037427C /* InterDisplay-LightItalic.ttf in Resources */ = {isa = PBXBuildFile; fileRef = 5D0296F82CABF21A0037427C /* InterDisplay-LightItalic.ttf */; };
		5D02971E2CABF21A0037427C /* InterDisplay-Medium.ttf in Resources */ = {isa = PBXBuildFile; fileRef = 5D0296F92CABF21A0037427C /* InterDisplay-Medium.ttf */; };
		5D02971F2CABF21A0037427C /* InterDisplay-MediumItalic.ttf in Resources */ = {isa = PBXBuildFile; fileRef = 5D0296FA2CABF21A0037427C /* InterDisplay-MediumItalic.ttf */; };
		5D0297202CABF21A0037427C /* InterDisplay-Regular.ttf in Resources */ = {isa = PBXBuildFile; fileRef = 5D0296FB2CABF21A0037427C /* InterDisplay-Regular.ttf */; };
		5D0297212CABF21A0037427C /* InterDisplay-SemiBold.ttf in Resources */ = {isa = PBXBuildFile; fileRef = 5D0296FC2CABF21A0037427C /* InterDisplay-SemiBold.ttf */; };
		5D0297222CABF21A0037427C /* InterDisplay-SemiBoldItalic.ttf in Resources */ = {isa = PBXBuildFile; fileRef = 5D0296FD2CABF21A0037427C /* InterDisplay-SemiBoldItalic.ttf */; };
		5D0297232CABF21A0037427C /* InterDisplay-Thin.ttf in Resources */ = {isa = PBXBuildFile; fileRef = 5D0296FE2CABF21A0037427C /* InterDisplay-Thin.ttf */; };
		5D0297242CABF21A0037427C /* InterDisplay-ThinItalic.ttf in Resources */ = {isa = PBXBuildFile; fileRef = 5D0296FF2CABF21A0037427C /* InterDisplay-ThinItalic.ttf */; };
		5D035A2E2CCCA2D00061D1B6 /* NotificationDetailViewController.swift in Sources */ = {isa = PBXBuildFile; fileRef = 5D035A2D2CCCA2D00061D1B6 /* NotificationDetailViewController.swift */; };
		5D282BAE2CB65C7200597991 /* DutyViewController.swift in Sources */ = {isa = PBXBuildFile; fileRef = 5D282BAD2CB65C7200597991 /* DutyViewController.swift */; };
		5D282BB02CB6811D00597991 /* ClaimsViewController.swift in Sources */ = {isa = PBXBuildFile; fileRef = 5D282BAF2CB6811D00597991 /* ClaimsViewController.swift */; };
		5D282BB22CB6816000597991 /* SwapDutyViewController.swift in Sources */ = {isa = PBXBuildFile; fileRef = 5D282BB12CB6816000597991 /* SwapDutyViewController.swift */; };
		5D2B58222CB3E8FB00976E7A /* BufferTimeViewController.swift in Sources */ = {isa = PBXBuildFile; fileRef = 5D2B58212CB3E8FB00976E7A /* BufferTimeViewController.swift */; };
		5D2B58242CB3E9A500976E7A /* BufferTimeTableViewCell.swift in Sources */ = {isa = PBXBuildFile; fileRef = 5D2B58232CB3E9A500976E7A /* BufferTimeTableViewCell.swift */; };
		5D2C4E0F2CAFEBA80041E0FB /* LeaveApplicationViewController.swift in Sources */ = {isa = PBXBuildFile; fileRef = 5D2C4E0E2CAFEBA80041E0FB /* LeaveApplicationViewController.swift */; };
		5D2C4E112CAFF8800041E0FB /* AttendanceViewController.swift in Sources */ = {isa = PBXBuildFile; fileRef = 5D2C4E102CAFF8800041E0FB /* AttendanceViewController.swift */; };
		5D3CE9C82CC75EB300F22BE0 /* LeaveDatailTableViewCell.swift in Sources */ = {isa = PBXBuildFile; fileRef = 5D3CE9C72CC75EB300F22BE0 /* LeaveDatailTableViewCell.swift */; };
		5D3CE9CA2CC75FDB00F22BE0 /* LeaveBalanceInteractor.swift in Sources */ = {isa = PBXBuildFile; fileRef = 5D3CE9C92CC75FDB00F22BE0 /* LeaveBalanceInteractor.swift */; };
		5D3CE9CC2CC7613B00F22BE0 /* LeaveDetailModel.swift in Sources */ = {isa = PBXBuildFile; fileRef = 5D3CE9CB2CC7613B00F22BE0 /* LeaveDetailModel.swift */; };
		5D3CE9CE2CC761E600F22BE0 /* LeaveDetailPresenter.swift in Sources */ = {isa = PBXBuildFile; fileRef = 5D3CE9CD2CC761E600F22BE0 /* LeaveDetailPresenter.swift */; };
		5D3CE9D02CC762C100F22BE0 /* LeaveBalanceRouter.swift in Sources */ = {isa = PBXBuildFile; fileRef = 5D3CE9CF2CC762C100F22BE0 /* LeaveBalanceRouter.swift */; };
		5D571A5B2CCF55B300D0067D /* ApprovalNotificationModel.swift in Sources */ = {isa = PBXBuildFile; fileRef = 5D571A5A2CCF55B300D0067D /* ApprovalNotificationModel.swift */; };
		5D5E251B2CD0E0AA00C6F4D2 /* ClaimsDataModel.swift in Sources */ = {isa = PBXBuildFile; fileRef = 5D5E251A2CD0E0AA00C6F4D2 /* ClaimsDataModel.swift */; };
		5D5E251D2CD0E84900C6F4D2 /* ClaimsInteractor.swift in Sources */ = {isa = PBXBuildFile; fileRef = 5D5E251C2CD0E84900C6F4D2 /* ClaimsInteractor.swift */; };
		5D5E251F2CD0E8F200C6F4D2 /* ClaimsResponseModel.swift in Sources */ = {isa = PBXBuildFile; fileRef = 5D5E251E2CD0E8F200C6F4D2 /* ClaimsResponseModel.swift */; };
		5D5E25212CD0E9B400C6F4D2 /* ClaimsPresenter.swift in Sources */ = {isa = PBXBuildFile; fileRef = 5D5E25202CD0E9B400C6F4D2 /* ClaimsPresenter.swift */; };
		5D5E25232CD0EB2C00C6F4D2 /* ClaimsRouter.swift in Sources */ = {isa = PBXBuildFile; fileRef = 5D5E25222CD0EB2C00C6F4D2 /* ClaimsRouter.swift */; };
		5D8E56752CAFB84600900A04 /* LeaveBalanceViewController.swift in Sources */ = {isa = PBXBuildFile; fileRef = 5D8E56742CAFB84600900A04 /* LeaveBalanceViewController.swift */; };
		5D8E56782CAFE57100900A04 /* FSCalendar in Frameworks */ = {isa = PBXBuildFile; productRef = 5D8E56772CAFE57100900A04 /* FSCalendar */; };
		5D90F9DD2CCB921300ACF856 /* NotificationModel.swift in Sources */ = {isa = PBXBuildFile; fileRef = 5D90F9DC2CCB921300ACF856 /* NotificationModel.swift */; };
		5D90F9DF2CCB950A00ACF856 /* NotificationInteractor.swift in Sources */ = {isa = PBXBuildFile; fileRef = 5D90F9DE2CCB950A00ACF856 /* NotificationInteractor.swift */; };
		5D90F9E12CCB9D2200ACF856 /* NotificationPresenter.swift in Sources */ = {isa = PBXBuildFile; fileRef = 5D90F9E02CCB9D2200ACF856 /* NotificationPresenter.swift */; };
		5D90F9E32CCBA66300ACF856 /* NotificationRouter.swift in Sources */ = {isa = PBXBuildFile; fileRef = 5D90F9E22CCBA66300ACF856 /* NotificationRouter.swift */; };
		5D92CE262CC61FC50098560F /* HomeInteractor.swift in Sources */ = {isa = PBXBuildFile; fileRef = 5D92CE252CC61FC50098560F /* HomeInteractor.swift */; };
		5D92CE282CC6203C0098560F /* HomePageResponseModel.swift in Sources */ = {isa = PBXBuildFile; fileRef = 5D92CE272CC6203C0098560F /* HomePageResponseModel.swift */; };
		5D92CE2A2CC623050098560F /* HomePresenter.swift in Sources */ = {isa = PBXBuildFile; fileRef = 5D92CE292CC623050098560F /* HomePresenter.swift */; };
		5D92CE2C2CC6263E0098560F /* HomeRouter.swift in Sources */ = {isa = PBXBuildFile; fileRef = 5D92CE2B2CC6263E0098560F /* HomeRouter.swift */; };
		5D92CE2E2CC62F850098560F /* AvailableLeaveModel.swift in Sources */ = {isa = PBXBuildFile; fileRef = 5D92CE2D2CC62F850098560F /* AvailableLeaveModel.swift */; };
		5D92CE312CC652890098560F /* BufferTimeModel.swift in Sources */ = {isa = PBXBuildFile; fileRef = 5D92CE302CC652890098560F /* BufferTimeModel.swift */; };
		5D92CE332CC652EB0098560F /* BufferTimeInteractor.swift in Sources */ = {isa = PBXBuildFile; fileRef = 5D92CE322CC652EB0098560F /* BufferTimeInteractor.swift */; };
		5D92CE352CC654230098560F /* BufferTimePresenter.swift in Sources */ = {isa = PBXBuildFile; fileRef = 5D92CE342CC654230098560F /* BufferTimePresenter.swift */; };
		5D92CE372CC655DA0098560F /* BufferTimeRouter.swift in Sources */ = {isa = PBXBuildFile; fileRef = 5D92CE362CC655DA0098560F /* BufferTimeRouter.swift */; };
		5D92CE392CC65F1E0098560F /* BufferTimingViewController.swift in Sources */ = {isa = PBXBuildFile; fileRef = 5D92CE382CC65F1E0098560F /* BufferTimingViewController.swift */; };
		5D9600D02CAE9EBA00FA6981 /* SalaryDetailsViewController.swift in Sources */ = {isa = PBXBuildFile; fileRef = 5D9600CF2CAE9EBA00FA6981 /* SalaryDetailsViewController.swift */; };
		5DA486A82CAE587B009E0A56 /* NotificationTableViewCell.swift in Sources */ = {isa = PBXBuildFile; fileRef = 5DA486A72CAE587B009E0A56 /* NotificationTableViewCell.swift */; };
		5DA486AA2CAE5FA0009E0A56 /* SplashViewController.swift in Sources */ = {isa = PBXBuildFile; fileRef = 5DA486A92CAE5FA0009E0A56 /* SplashViewController.swift */; };
		5DA486AC2CAE9306009E0A56 /* SalaryReportTableViewCell.swift in Sources */ = {isa = PBXBuildFile; fileRef = 5DA486AB2CAE9306009E0A56 /* SalaryReportTableViewCell.swift */; };
		5DA9F10C2CC8B21500F97E25 /* ApplyLeaveModel.swift in Sources */ = {isa = PBXBuildFile; fileRef = 5DA9F10B2CC8B21500F97E25 /* ApplyLeaveModel.swift */; };
		5DA9F10E2CC8B29700F97E25 /* LeaveApplyInteractor.swift in Sources */ = {isa = PBXBuildFile; fileRef = 5DA9F10D2CC8B29700F97E25 /* LeaveApplyInteractor.swift */; };
		5DA9F1102CC8B49300F97E25 /* LeaveApplyPresenter.swift in Sources */ = {isa = PBXBuildFile; fileRef = 5DA9F10F2CC8B49300F97E25 /* LeaveApplyPresenter.swift */; };
		5DA9F1122CC8B7E700F97E25 /* ApplyLeaveRouter.swift in Sources */ = {isa = PBXBuildFile; fileRef = 5DA9F1112CC8B7E700F97E25 /* ApplyLeaveRouter.swift */; };
		5DDF3B532CD8CB83001B3303 /* CoreDataManager.swift in Sources */ = {isa = PBXBuildFile; fileRef = 5DDF3B522CD8CB83001B3303 /* CoreDataManager.swift */; };
		5DDFD69E2CE1FEF4002A01F2 /* GroupResponseModel.swift in Sources */ = {isa = PBXBuildFile; fileRef = 5DDFD69D2CE1FEF4002A01F2 /* GroupResponseModel.swift */; };
		5DDFD6A02CE20C7A002A01F2 /* SwapDutyInteractor.swift in Sources */ = {isa = PBXBuildFile; fileRef = 5DDFD69F2CE20C7A002A01F2 /* SwapDutyInteractor.swift */; };
		5DDFD6A42CE20D35002A01F2 /* DutySwapModel.swift in Sources */ = {isa = PBXBuildFile; fileRef = 5DDFD6A32CE20D35002A01F2 /* DutySwapModel.swift */; };
		5DDFD6A62CE20DE0002A01F2 /* SwapDutyPresenter.swift in Sources */ = {isa = PBXBuildFile; fileRef = 5DDFD6A52CE20DE0002A01F2 /* SwapDutyPresenter.swift */; };
		5DDFD6A82CE210E0002A01F2 /* SwapDutyRouter.swift in Sources */ = {isa = PBXBuildFile; fileRef = 5DDFD6A72CE210E0002A01F2 /* SwapDutyRouter.swift */; };
		5DE9E4322CE45D3400B6CA3E /* LeaveUpdateModel.swift in Sources */ = {isa = PBXBuildFile; fileRef = 5DE9E4312CE45D3400B6CA3E /* LeaveUpdateModel.swift */; };
		5DE9E4342CE45DAA00B6CA3E /* NotificationDetailsInteractor.swift in Sources */ = {isa = PBXBuildFile; fileRef = 5DE9E4332CE45DAA00B6CA3E /* NotificationDetailsInteractor.swift */; };
		5DE9E4362CE45F9400B6CA3E /* NotificationDetailPresenter.swift in Sources */ = {isa = PBXBuildFile; fileRef = 5DE9E4352CE45F9400B6CA3E /* NotificationDetailPresenter.swift */; };
		5DE9E4382CE460B800B6CA3E /* NotificationDetailsRouter.swift in Sources */ = {isa = PBXBuildFile; fileRef = 5DE9E4372CE460B800B6CA3E /* NotificationDetailsRouter.swift */; };
		5DE9E43C2CE46A9400B6CA3E /* DutyRosterModel.swift in Sources */ = {isa = PBXBuildFile; fileRef = 5DE9E43B2CE46A9400B6CA3E /* DutyRosterModel.swift */; };
		5DE9E43E2CE46B4F00B6CA3E /* DutyRosterInteractor.swift in Sources */ = {isa = PBXBuildFile; fileRef = 5DE9E43D2CE46B4F00B6CA3E /* DutyRosterInteractor.swift */; };
		5DE9E4402CE46C4B00B6CA3E /* DutyRosterPresenter.swift in Sources */ = {isa = PBXBuildFile; fileRef = 5DE9E43F2CE46C4B00B6CA3E /* DutyRosterPresenter.swift */; };
		5DE9E4422CE46D8B00B6CA3E /* DutyRosterRouter.swift in Sources */ = {isa = PBXBuildFile; fileRef = 5DE9E4412CE46D8B00B6CA3E /* DutyRosterRouter.swift */; };
		5DE9E4442CE472C700B6CA3E /* DutyRosterTableViewCell.swift in Sources */ = {isa = PBXBuildFile; fileRef = 5DE9E4432CE472C700B6CA3E /* DutyRosterTableViewCell.swift */; };
		5DEBFF792CCF67F300250FDA /* DutyCountModel.swift in Sources */ = {isa = PBXBuildFile; fileRef = 5DEBFF782CCF67F300250FDA /* DutyCountModel.swift */; };
		5DEBFF7B2CCF8F5400250FDA /* DutyInteractor.swift in Sources */ = {isa = PBXBuildFile; fileRef = 5DEBFF7A2CCF8F5400250FDA /* DutyInteractor.swift */; };
		5DEBFF7D2CCF900900250FDA /* DutyDataModel.swift in Sources */ = {isa = PBXBuildFile; fileRef = 5DEBFF7C2CCF900900250FDA /* DutyDataModel.swift */; };
		5DEBFF7F2CCF930200250FDA /* DutyPresenter.swift in Sources */ = {isa = PBXBuildFile; fileRef = 5DEBFF7E2CCF930200250FDA /* DutyPresenter.swift */; };
		5DEBFF812CCF969000250FDA /* DutyRouter.swift in Sources */ = {isa = PBXBuildFile; fileRef = 5DEBFF802CCF969000250FDA /* DutyRouter.swift */; };
		5DF195E02CCA14DB00A9B9B0 /* DutyRosterViewController.swift in Sources */ = {isa = PBXBuildFile; fileRef = 5DF195DF2CCA14DA00A9B9B0 /* DutyRosterViewController.swift */; };
/* End PBXBuildFile section */

/* Begin PBXContainerItemProxy section */
		5D0296AE2CABC4780037427C /* PBXContainerItemProxy */ = {
			isa = PBXContainerItemProxy;
			containerPortal = 5D02968C2CABC4770037427C /* Project object */;
			proxyType = 1;
			remoteGlobalIDString = 5D0296932CABC4770037427C;
			remoteInfo = "SIMATS 360";
		};
		5D0296B82CABC4780037427C /* PBXContainerItemProxy */ = {
			isa = PBXContainerItemProxy;
			containerPortal = 5D02968C2CABC4770037427C /* Project object */;
			proxyType = 1;
			remoteGlobalIDString = 5D0296932CABC4770037427C;
			remoteInfo = "SIMATS 360";
		};
/* End PBXContainerItemProxy section */

/* Begin PBXFileReference section */
		23283A8A2CBCD3F900E9DB0F /* LoginViewController.swift */ = {isa = PBXFileReference; lastKnownFileType = sourcecode.swift; path = LoginViewController.swift; sourceTree = "<group>"; };
		23283A8D2CBCD45900E9DB0F /* APIWrapper.swift */ = {isa = PBXFileReference; lastKnownFileType = sourcecode.swift; path = APIWrapper.swift; sourceTree = "<group>"; };
		23283A8F2CBCD4C100E9DB0F /* LoginInteractor.swift */ = {isa = PBXFileReference; lastKnownFileType = sourcecode.swift; path = LoginInteractor.swift; sourceTree = "<group>"; };
		23283A912CBCD5DE00E9DB0F /* LoginResponseModel.swift */ = {isa = PBXFileReference; lastKnownFileType = sourcecode.swift; path = LoginResponseModel.swift; sourceTree = "<group>"; };
		23283A952CBCD7A700E9DB0F /* LoginPresenter.swift */ = {isa = PBXFileReference; lastKnownFileType = sourcecode.swift; path = LoginPresenter.swift; sourceTree = "<group>"; };
		23283A972CBCD82100E9DB0F /* LoginRouter.swift */ = {isa = PBXFileReference; lastKnownFileType = sourcecode.swift; path = LoginRouter.swift; sourceTree = "<group>"; };
		23283AA42CBD0DA100E9DB0F /* SalaryReportModel.swift */ = {isa = PBXFileReference; lastKnownFileType = sourcecode.swift; path = SalaryReportModel.swift; sourceTree = "<group>"; };
		23283AA62CBD0E5700E9DB0F /* ReportsInteractor.swift */ = {isa = PBXFileReference; lastKnownFileType = sourcecode.swift; path = ReportsInteractor.swift; sourceTree = "<group>"; };
		23283AA82CBD106500E9DB0F /* ReportsPresenter.swift */ = {isa = PBXFileReference; lastKnownFileType = sourcecode.swift; path = ReportsPresenter.swift; sourceTree = "<group>"; };
		23283AAA2CBD140200E9DB0F /* ReportsRouter.swift */ = {isa = PBXFileReference; lastKnownFileType = sourcecode.swift; path = ReportsRouter.swift; sourceTree = "<group>"; };
		23283AAC2CBD21D100E9DB0F /* Utils.swift */ = {isa = PBXFileReference; lastKnownFileType = sourcecode.swift; path = Utils.swift; sourceTree = "<group>"; };
		23788DD72CC24B8D003CBEE1 /* SalaryReportResponse.swift */ = {isa = PBXFileReference; lastKnownFileType = sourcecode.swift; path = SalaryReportResponse.swift; sourceTree = "<group>"; };
		23788DDB2CC24C13003CBEE1 /* SalaryDetailsInteractor.swift */ = {isa = PBXFileReference; lastKnownFileType = sourcecode.swift; path = SalaryDetailsInteractor.swift; sourceTree = "<group>"; };
		23788DDD2CC24D24003CBEE1 /* SalaryDetailsPresenter.swift */ = {isa = PBXFileReference; lastKnownFileType = sourcecode.swift; path = SalaryDetailsPresenter.swift; sourceTree = "<group>"; };
		23788DDF2CC24EB0003CBEE1 /* SalaryDetailsRouter.swift */ = {isa = PBXFileReference; lastKnownFileType = sourcecode.swift; path = SalaryDetailsRouter.swift; sourceTree = "<group>"; };
		238D522D2CC1081A00927D4C /* Constants.swift */ = {isa = PBXFileReference; lastKnownFileType = sourcecode.swift; path = Constants.swift; sourceTree = "<group>"; };
		238D522F2CC10F8100927D4C /* ProfileDataModel.swift */ = {isa = PBXFileReference; lastKnownFileType = sourcecode.swift; path = ProfileDataModel.swift; sourceTree = "<group>"; };
		238D52312CC10FC400927D4C /* ProfileInteractor.swift */ = {isa = PBXFileReference; lastKnownFileType = sourcecode.swift; path = ProfileInteractor.swift; sourceTree = "<group>"; };
		238D52332CC110D200927D4C /* ProfilePresenter.swift */ = {isa = PBXFileReference; lastKnownFileType = sourcecode.swift; path = ProfilePresenter.swift; sourceTree = "<group>"; };
		238D52352CC1157000927D4C /* ProfileRouter.swift */ = {isa = PBXFileReference; lastKnownFileType = sourcecode.swift; path = ProfileRouter.swift; sourceTree = "<group>"; };
		5D0296942CABC4770037427C /* Saveetha 360.app */ = {isa = PBXFileReference; explicitFileType = wrapper.application; includeInIndex = 0; path = "Saveetha 360.app"; sourceTree = BUILT_PRODUCTS_DIR; };
		5D0296972CABC4770037427C /* AppDelegate.swift */ = {isa = PBXFileReference; lastKnownFileType = sourcecode.swift; path = AppDelegate.swift; sourceTree = "<group>"; };
		5D0296992CABC4770037427C /* SceneDelegate.swift */ = {isa = PBXFileReference; lastKnownFileType = sourcecode.swift; path = SceneDelegate.swift; sourceTree = "<group>"; };
		5D02969E2CABC4770037427C /* Base */ = {isa = PBXFileReference; lastKnownFileType = file.storyboard; name = Base; path = Base.lproj/Main.storyboard; sourceTree = "<group>"; };
		5D0296A12CABC4770037427C /* SIMATS_360.xcdatamodel */ = {isa = PBXFileReference; lastKnownFileType = wrapper.xcdatamodel; path = SIMATS_360.xcdatamodel; sourceTree = "<group>"; };
		5D0296A32CABC4780037427C /* Assets.xcassets */ = {isa = PBXFileReference; lastKnownFileType = folder.assetcatalog; path = Assets.xcassets; sourceTree = "<group>"; };
		5D0296A62CABC4780037427C /* Base */ = {isa = PBXFileReference; lastKnownFileType = file.storyboard; name = Base; path = Base.lproj/LaunchScreen.storyboard; sourceTree = "<group>"; };
		5D0296A82CABC4780037427C /* Info.plist */ = {isa = PBXFileReference; lastKnownFileType = text.plist.xml; path = Info.plist; sourceTree = "<group>"; };
		5D0296AD2CABC4780037427C /* Saveetha 360Tests.xctest */ = {isa = PBXFileReference; explicitFileType = wrapper.cfbundle; includeInIndex = 0; path = "Saveetha 360Tests.xctest"; sourceTree = BUILT_PRODUCTS_DIR; };
		5D0296B12CABC4780037427C /* SIMATS_360Tests.swift */ = {isa = PBXFileReference; lastKnownFileType = sourcecode.swift; path = SIMATS_360Tests.swift; sourceTree = "<group>"; };
		5D0296B72CABC4780037427C /* Saveetha 360UITests.xctest */ = {isa = PBXFileReference; explicitFileType = wrapper.cfbundle; includeInIndex = 0; path = "Saveetha 360UITests.xctest"; sourceTree = BUILT_PRODUCTS_DIR; };
		5D0296BB2CABC4780037427C /* SIMATS_360UITests.swift */ = {isa = PBXFileReference; lastKnownFileType = sourcecode.swift; path = SIMATS_360UITests.swift; sourceTree = "<group>"; };
		5D0296BD2CABC4780037427C /* SIMATS_360UITestsLaunchTests.swift */ = {isa = PBXFileReference; lastKnownFileType = sourcecode.swift; path = SIMATS_360UITestsLaunchTests.swift; sourceTree = "<group>"; };
		5D0296CA2CABE77F0037427C /* EmployeeTabBarViewController.swift */ = {isa = PBXFileReference; fileEncoding = 4; lastKnownFileType = sourcecode.swift; path = EmployeeTabBarViewController.swift; sourceTree = "<group>"; };
		5D0296CC2CABE80E0037427C /* UIViewControllerExtension.swift */ = {isa = PBXFileReference; fileEncoding = 4; lastKnownFileType = sourcecode.swift; path = UIViewControllerExtension.swift; sourceTree = "<group>"; };
		5D0296CD2CABE80E0037427C /* UIColorExtension.swift */ = {isa = PBXFileReference; fileEncoding = 4; lastKnownFileType = sourcecode.swift; path = UIColorExtension.swift; sourceTree = "<group>"; };
		5D0296CE2CABE80E0037427C /* UIViewExtension.swift */ = {isa = PBXFileReference; fileEncoding = 4; lastKnownFileType = sourcecode.swift; path = UIViewExtension.swift; sourceTree = "<group>"; };
		5D0296CF2CABE80E0037427C /* UIImageExtension.swift */ = {isa = PBXFileReference; fileEncoding = 4; lastKnownFileType = sourcecode.swift; path = UIImageExtension.swift; sourceTree = "<group>"; };
		5D0296D42CABE8410037427C /* EmployeeHomeViewController.swift */ = {isa = PBXFileReference; lastKnownFileType = sourcecode.swift; path = EmployeeHomeViewController.swift; sourceTree = "<group>"; };
		5D0296D62CABE8E60037427C /* NotificationViewController.swift */ = {isa = PBXFileReference; lastKnownFileType = sourcecode.swift; path = NotificationViewController.swift; sourceTree = "<group>"; };
		5D0296D82CABE91E0037427C /* ReportsViewController.swift */ = {isa = PBXFileReference; lastKnownFileType = sourcecode.swift; path = ReportsViewController.swift; sourceTree = "<group>"; };
		5D0296DA2CABE95F0037427C /* ProfileViewController.swift */ = {isa = PBXFileReference; lastKnownFileType = sourcecode.swift; path = ProfileViewController.swift; sourceTree = "<group>"; };
		5D0296DC2CABF21A0037427C /* Inter Black.ttf */ = {isa = PBXFileReference; lastKnownFileType = file; path = "Inter Black.ttf"; sourceTree = "<group>"; };
		5D0296DD2CABF21A0037427C /* Inter-BlackItalic.ttf */ = {isa = PBXFileReference; lastKnownFileType = file; path = "Inter-BlackItalic.ttf"; sourceTree = "<group>"; };
		5D0296DE2CABF21A0037427C /* Inter-Bold.ttf */ = {isa = PBXFileReference; lastKnownFileType = file; path = "Inter-Bold.ttf"; sourceTree = "<group>"; };
		5D0296DF2CABF21A0037427C /* Inter-BoldItalic.ttf */ = {isa = PBXFileReference; lastKnownFileType = file; path = "Inter-BoldItalic.ttf"; sourceTree = "<group>"; };
		5D0296E02CABF21A0037427C /* Inter-ExtraBold.ttf */ = {isa = PBXFileReference; lastKnownFileType = file; path = "Inter-ExtraBold.ttf"; sourceTree = "<group>"; };
		5D0296E12CABF21A0037427C /* Inter-ExtraBoldItalic.ttf */ = {isa = PBXFileReference; lastKnownFileType = file; path = "Inter-ExtraBoldItalic.ttf"; sourceTree = "<group>"; };
		5D0296E22CABF21A0037427C /* Inter-ExtraLight.ttf */ = {isa = PBXFileReference; lastKnownFileType = file; path = "Inter-ExtraLight.ttf"; sourceTree = "<group>"; };
		5D0296E32CABF21A0037427C /* Inter-ExtraLightItalic.ttf */ = {isa = PBXFileReference; lastKnownFileType = file; path = "Inter-ExtraLightItalic.ttf"; sourceTree = "<group>"; };
		5D0296E42CABF21A0037427C /* Inter-Italic.ttf */ = {isa = PBXFileReference; lastKnownFileType = file; path = "Inter-Italic.ttf"; sourceTree = "<group>"; };
		5D0296E52CABF21A0037427C /* Inter-Light.ttf */ = {isa = PBXFileReference; lastKnownFileType = file; path = "Inter-Light.ttf"; sourceTree = "<group>"; };
		5D0296E62CABF21A0037427C /* Inter-LightItalic.ttf */ = {isa = PBXFileReference; lastKnownFileType = file; path = "Inter-LightItalic.ttf"; sourceTree = "<group>"; };
		5D0296E72CABF21A0037427C /* Inter-Medium.ttf */ = {isa = PBXFileReference; lastKnownFileType = file; path = "Inter-Medium.ttf"; sourceTree = "<group>"; };
		5D0296E82CABF21A0037427C /* Inter-MediumItalic.ttf */ = {isa = PBXFileReference; lastKnownFileType = file; path = "Inter-MediumItalic.ttf"; sourceTree = "<group>"; };
		5D0296E92CABF21A0037427C /* Inter-Regular.ttf */ = {isa = PBXFileReference; lastKnownFileType = file; path = "Inter-Regular.ttf"; sourceTree = "<group>"; };
		5D0296EA2CABF21A0037427C /* Inter-SemiBold.ttf */ = {isa = PBXFileReference; lastKnownFileType = file; path = "Inter-SemiBold.ttf"; sourceTree = "<group>"; };
		5D0296EB2CABF21A0037427C /* Inter-SemiBoldItalic.ttf */ = {isa = PBXFileReference; lastKnownFileType = file; path = "Inter-SemiBoldItalic.ttf"; sourceTree = "<group>"; };
		5D0296EC2CABF21A0037427C /* Inter-Thin.ttf */ = {isa = PBXFileReference; lastKnownFileType = file; path = "Inter-Thin.ttf"; sourceTree = "<group>"; };
		5D0296ED2CABF21A0037427C /* Inter-ThinItalic.ttf */ = {isa = PBXFileReference; lastKnownFileType = file; path = "Inter-ThinItalic.ttf"; sourceTree = "<group>"; };
		5D0296EE2CABF21A0037427C /* InterDisplay-Black.ttf */ = {isa = PBXFileReference; lastKnownFileType = file; path = "InterDisplay-Black.ttf"; sourceTree = "<group>"; };
		5D0296EF2CABF21A0037427C /* InterDisplay-BlackItalic.ttf */ = {isa = PBXFileReference; lastKnownFileType = file; path = "InterDisplay-BlackItalic.ttf"; sourceTree = "<group>"; };
		5D0296F02CABF21A0037427C /* InterDisplay-Bold.ttf */ = {isa = PBXFileReference; lastKnownFileType = file; path = "InterDisplay-Bold.ttf"; sourceTree = "<group>"; };
		5D0296F12CABF21A0037427C /* InterDisplay-BoldItalic.ttf */ = {isa = PBXFileReference; lastKnownFileType = file; path = "InterDisplay-BoldItalic.ttf"; sourceTree = "<group>"; };
		5D0296F22CABF21A0037427C /* InterDisplay-ExtraBold.ttf */ = {isa = PBXFileReference; lastKnownFileType = file; path = "InterDisplay-ExtraBold.ttf"; sourceTree = "<group>"; };
		5D0296F32CABF21A0037427C /* InterDisplay-ExtraBoldItalic.ttf */ = {isa = PBXFileReference; lastKnownFileType = file; path = "InterDisplay-ExtraBoldItalic.ttf"; sourceTree = "<group>"; };
		5D0296F42CABF21A0037427C /* InterDisplay-ExtraLight.ttf */ = {isa = PBXFileReference; lastKnownFileType = file; path = "InterDisplay-ExtraLight.ttf"; sourceTree = "<group>"; };
		5D0296F52CABF21A0037427C /* InterDisplay-ExtraLightItalic.ttf */ = {isa = PBXFileReference; lastKnownFileType = file; path = "InterDisplay-ExtraLightItalic.ttf"; sourceTree = "<group>"; };
		5D0296F62CABF21A0037427C /* InterDisplay-Italic.ttf */ = {isa = PBXFileReference; lastKnownFileType = file; path = "InterDisplay-Italic.ttf"; sourceTree = "<group>"; };
		5D0296F72CABF21A0037427C /* InterDisplay-Light.ttf */ = {isa = PBXFileReference; lastKnownFileType = file; path = "InterDisplay-Light.ttf"; sourceTree = "<group>"; };
		5D0296F82CABF21A0037427C /* InterDisplay-LightItalic.ttf */ = {isa = PBXFileReference; lastKnownFileType = file; path = "InterDisplay-LightItalic.ttf"; sourceTree = "<group>"; };
		5D0296F92CABF21A0037427C /* InterDisplay-Medium.ttf */ = {isa = PBXFileReference; lastKnownFileType = file; path = "InterDisplay-Medium.ttf"; sourceTree = "<group>"; };
		5D0296FA2CABF21A0037427C /* InterDisplay-MediumItalic.ttf */ = {isa = PBXFileReference; lastKnownFileType = file; path = "InterDisplay-MediumItalic.ttf"; sourceTree = "<group>"; };
		5D0296FB2CABF21A0037427C /* InterDisplay-Regular.ttf */ = {isa = PBXFileReference; lastKnownFileType = file; path = "InterDisplay-Regular.ttf"; sourceTree = "<group>"; };
		5D0296FC2CABF21A0037427C /* InterDisplay-SemiBold.ttf */ = {isa = PBXFileReference; lastKnownFileType = file; path = "InterDisplay-SemiBold.ttf"; sourceTree = "<group>"; };
		5D0296FD2CABF21A0037427C /* InterDisplay-SemiBoldItalic.ttf */ = {isa = PBXFileReference; lastKnownFileType = file; path = "InterDisplay-SemiBoldItalic.ttf"; sourceTree = "<group>"; };
		5D0296FE2CABF21A0037427C /* InterDisplay-Thin.ttf */ = {isa = PBXFileReference; lastKnownFileType = file; path = "InterDisplay-Thin.ttf"; sourceTree = "<group>"; };
		5D0296FF2CABF21A0037427C /* InterDisplay-ThinItalic.ttf */ = {isa = PBXFileReference; lastKnownFileType = file; path = "InterDisplay-ThinItalic.ttf"; sourceTree = "<group>"; };
		5D0297252CABF6BD0037427C /* Inter-Black.otf */ = {isa = PBXFileReference; lastKnownFileType = file; path = "Inter-Black.otf"; sourceTree = "<group>"; };
		5D035A2D2CCCA2D00061D1B6 /* NotificationDetailViewController.swift */ = {isa = PBXFileReference; lastKnownFileType = sourcecode.swift; path = NotificationDetailViewController.swift; sourceTree = "<group>"; };
		5D282BAD2CB65C7200597991 /* DutyViewController.swift */ = {isa = PBXFileReference; lastKnownFileType = sourcecode.swift; path = DutyViewController.swift; sourceTree = "<group>"; };
		5D282BAF2CB6811D00597991 /* ClaimsViewController.swift */ = {isa = PBXFileReference; lastKnownFileType = sourcecode.swift; path = ClaimsViewController.swift; sourceTree = "<group>"; };
		5D282BB12CB6816000597991 /* SwapDutyViewController.swift */ = {isa = PBXFileReference; lastKnownFileType = sourcecode.swift; path = SwapDutyViewController.swift; sourceTree = "<group>"; };
		5D2B58212CB3E8FB00976E7A /* BufferTimeViewController.swift */ = {isa = PBXFileReference; lastKnownFileType = sourcecode.swift; path = BufferTimeViewController.swift; sourceTree = "<group>"; };
		5D2B58232CB3E9A500976E7A /* BufferTimeTableViewCell.swift */ = {isa = PBXFileReference; lastKnownFileType = sourcecode.swift; path = BufferTimeTableViewCell.swift; sourceTree = "<group>"; };
		5D2C4E0E2CAFEBA80041E0FB /* LeaveApplicationViewController.swift */ = {isa = PBXFileReference; lastKnownFileType = sourcecode.swift; path = LeaveApplicationViewController.swift; sourceTree = "<group>"; };
		5D2C4E102CAFF8800041E0FB /* AttendanceViewController.swift */ = {isa = PBXFileReference; lastKnownFileType = sourcecode.swift; path = AttendanceViewController.swift; sourceTree = "<group>"; };
		5D3CE9C72CC75EB300F22BE0 /* LeaveDatailTableViewCell.swift */ = {isa = PBXFileReference; lastKnownFileType = sourcecode.swift; path = LeaveDatailTableViewCell.swift; sourceTree = "<group>"; };
		5D3CE9C92CC75FDB00F22BE0 /* LeaveBalanceInteractor.swift */ = {isa = PBXFileReference; lastKnownFileType = sourcecode.swift; path = LeaveBalanceInteractor.swift; sourceTree = "<group>"; };
		5D3CE9CB2CC7613B00F22BE0 /* LeaveDetailModel.swift */ = {isa = PBXFileReference; lastKnownFileType = sourcecode.swift; path = LeaveDetailModel.swift; sourceTree = "<group>"; };
		5D3CE9CD2CC761E600F22BE0 /* LeaveDetailPresenter.swift */ = {isa = PBXFileReference; lastKnownFileType = sourcecode.swift; path = LeaveDetailPresenter.swift; sourceTree = "<group>"; };
		5D3CE9CF2CC762C100F22BE0 /* LeaveBalanceRouter.swift */ = {isa = PBXFileReference; lastKnownFileType = sourcecode.swift; path = LeaveBalanceRouter.swift; sourceTree = "<group>"; };
		5D571A5A2CCF55B300D0067D /* ApprovalNotificationModel.swift */ = {isa = PBXFileReference; lastKnownFileType = sourcecode.swift; path = ApprovalNotificationModel.swift; sourceTree = "<group>"; };
		5D5E251A2CD0E0AA00C6F4D2 /* ClaimsDataModel.swift */ = {isa = PBXFileReference; lastKnownFileType = sourcecode.swift; path = ClaimsDataModel.swift; sourceTree = "<group>"; };
		5D5E251C2CD0E84900C6F4D2 /* ClaimsInteractor.swift */ = {isa = PBXFileReference; lastKnownFileType = sourcecode.swift; path = ClaimsInteractor.swift; sourceTree = "<group>"; };
		5D5E251E2CD0E8F200C6F4D2 /* ClaimsResponseModel.swift */ = {isa = PBXFileReference; lastKnownFileType = sourcecode.swift; path = ClaimsResponseModel.swift; sourceTree = "<group>"; };
		5D5E25202CD0E9B400C6F4D2 /* ClaimsPresenter.swift */ = {isa = PBXFileReference; lastKnownFileType = sourcecode.swift; path = ClaimsPresenter.swift; sourceTree = "<group>"; };
		5D5E25222CD0EB2C00C6F4D2 /* ClaimsRouter.swift */ = {isa = PBXFileReference; lastKnownFileType = sourcecode.swift; path = ClaimsRouter.swift; sourceTree = "<group>"; };
		5D8E56742CAFB84600900A04 /* LeaveBalanceViewController.swift */ = {isa = PBXFileReference; lastKnownFileType = sourcecode.swift; path = LeaveBalanceViewController.swift; sourceTree = "<group>"; };
		5D90F9DC2CCB921300ACF856 /* NotificationModel.swift */ = {isa = PBXFileReference; lastKnownFileType = sourcecode.swift; path = NotificationModel.swift; sourceTree = "<group>"; };
		5D90F9DE2CCB950A00ACF856 /* NotificationInteractor.swift */ = {isa = PBXFileReference; lastKnownFileType = sourcecode.swift; path = NotificationInteractor.swift; sourceTree = "<group>"; };
		5D90F9E02CCB9D2200ACF856 /* NotificationPresenter.swift */ = {isa = PBXFileReference; lastKnownFileType = sourcecode.swift; path = NotificationPresenter.swift; sourceTree = "<group>"; };
		5D90F9E22CCBA66300ACF856 /* NotificationRouter.swift */ = {isa = PBXFileReference; lastKnownFileType = sourcecode.swift; path = NotificationRouter.swift; sourceTree = "<group>"; };
		5D92CE252CC61FC50098560F /* HomeInteractor.swift */ = {isa = PBXFileReference; lastKnownFileType = sourcecode.swift; path = HomeInteractor.swift; sourceTree = "<group>"; };
		5D92CE272CC6203C0098560F /* HomePageResponseModel.swift */ = {isa = PBXFileReference; lastKnownFileType = sourcecode.swift; path = HomePageResponseModel.swift; sourceTree = "<group>"; };
		5D92CE292CC623050098560F /* HomePresenter.swift */ = {isa = PBXFileReference; lastKnownFileType = sourcecode.swift; path = HomePresenter.swift; sourceTree = "<group>"; };
		5D92CE2B2CC6263E0098560F /* HomeRouter.swift */ = {isa = PBXFileReference; lastKnownFileType = sourcecode.swift; path = HomeRouter.swift; sourceTree = "<group>"; };
		5D92CE2D2CC62F850098560F /* AvailableLeaveModel.swift */ = {isa = PBXFileReference; lastKnownFileType = sourcecode.swift; path = AvailableLeaveModel.swift; sourceTree = "<group>"; };
		5D92CE302CC652890098560F /* BufferTimeModel.swift */ = {isa = PBXFileReference; lastKnownFileType = sourcecode.swift; path = BufferTimeModel.swift; sourceTree = "<group>"; };
		5D92CE322CC652EB0098560F /* BufferTimeInteractor.swift */ = {isa = PBXFileReference; lastKnownFileType = sourcecode.swift; path = BufferTimeInteractor.swift; sourceTree = "<group>"; };
		5D92CE342CC654230098560F /* BufferTimePresenter.swift */ = {isa = PBXFileReference; lastKnownFileType = sourcecode.swift; path = BufferTimePresenter.swift; sourceTree = "<group>"; };
		5D92CE362CC655DA0098560F /* BufferTimeRouter.swift */ = {isa = PBXFileReference; lastKnownFileType = sourcecode.swift; path = BufferTimeRouter.swift; sourceTree = "<group>"; };
		5D92CE382CC65F1E0098560F /* BufferTimingViewController.swift */ = {isa = PBXFileReference; lastKnownFileType = sourcecode.swift; path = BufferTimingViewController.swift; sourceTree = "<group>"; };
		5D9600CF2CAE9EBA00FA6981 /* SalaryDetailsViewController.swift */ = {isa = PBXFileReference; lastKnownFileType = sourcecode.swift; path = SalaryDetailsViewController.swift; sourceTree = "<group>"; };
		5DA486A72CAE587B009E0A56 /* NotificationTableViewCell.swift */ = {isa = PBXFileReference; lastKnownFileType = sourcecode.swift; path = NotificationTableViewCell.swift; sourceTree = "<group>"; };
		5DA486A92CAE5FA0009E0A56 /* SplashViewController.swift */ = {isa = PBXFileReference; lastKnownFileType = sourcecode.swift; path = SplashViewController.swift; sourceTree = "<group>"; };
		5DA486AB2CAE9306009E0A56 /* SalaryReportTableViewCell.swift */ = {isa = PBXFileReference; lastKnownFileType = sourcecode.swift; path = SalaryReportTableViewCell.swift; sourceTree = "<group>"; };
		5DA9F10B2CC8B21500F97E25 /* ApplyLeaveModel.swift */ = {isa = PBXFileReference; lastKnownFileType = sourcecode.swift; path = ApplyLeaveModel.swift; sourceTree = "<group>"; };
		5DA9F10D2CC8B29700F97E25 /* LeaveApplyInteractor.swift */ = {isa = PBXFileReference; lastKnownFileType = sourcecode.swift; path = LeaveApplyInteractor.swift; sourceTree = "<group>"; };
		5DA9F10F2CC8B49300F97E25 /* LeaveApplyPresenter.swift */ = {isa = PBXFileReference; lastKnownFileType = sourcecode.swift; path = LeaveApplyPresenter.swift; sourceTree = "<group>"; };
		5DA9F1112CC8B7E700F97E25 /* ApplyLeaveRouter.swift */ = {isa = PBXFileReference; lastKnownFileType = sourcecode.swift; path = ApplyLeaveRouter.swift; sourceTree = "<group>"; };
		5DDF3B522CD8CB83001B3303 /* CoreDataManager.swift */ = {isa = PBXFileReference; lastKnownFileType = sourcecode.swift; path = CoreDataManager.swift; sourceTree = "<group>"; };
		5DDFD69D2CE1FEF4002A01F2 /* GroupResponseModel.swift */ = {isa = PBXFileReference; lastKnownFileType = sourcecode.swift; path = GroupResponseModel.swift; sourceTree = "<group>"; };
		5DDFD69F2CE20C7A002A01F2 /* SwapDutyInteractor.swift */ = {isa = PBXFileReference; lastKnownFileType = sourcecode.swift; path = SwapDutyInteractor.swift; sourceTree = "<group>"; };
		5DDFD6A32CE20D35002A01F2 /* DutySwapModel.swift */ = {isa = PBXFileReference; lastKnownFileType = sourcecode.swift; path = DutySwapModel.swift; sourceTree = "<group>"; };
		5DDFD6A52CE20DE0002A01F2 /* SwapDutyPresenter.swift */ = {isa = PBXFileReference; lastKnownFileType = sourcecode.swift; path = SwapDutyPresenter.swift; sourceTree = "<group>"; };
		5DDFD6A72CE210E0002A01F2 /* SwapDutyRouter.swift */ = {isa = PBXFileReference; lastKnownFileType = sourcecode.swift; path = SwapDutyRouter.swift; sourceTree = "<group>"; };
		5DE9E4312CE45D3400B6CA3E /* LeaveUpdateModel.swift */ = {isa = PBXFileReference; lastKnownFileType = sourcecode.swift; path = LeaveUpdateModel.swift; sourceTree = "<group>"; };
		5DE9E4332CE45DAA00B6CA3E /* NotificationDetailsInteractor.swift */ = {isa = PBXFileReference; lastKnownFileType = sourcecode.swift; path = NotificationDetailsInteractor.swift; sourceTree = "<group>"; };
		5DE9E4352CE45F9400B6CA3E /* NotificationDetailPresenter.swift */ = {isa = PBXFileReference; lastKnownFileType = sourcecode.swift; path = NotificationDetailPresenter.swift; sourceTree = "<group>"; };
		5DE9E4372CE460B800B6CA3E /* NotificationDetailsRouter.swift */ = {isa = PBXFileReference; lastKnownFileType = sourcecode.swift; path = NotificationDetailsRouter.swift; sourceTree = "<group>"; };
		5DE9E43B2CE46A9400B6CA3E /* DutyRosterModel.swift */ = {isa = PBXFileReference; lastKnownFileType = sourcecode.swift; path = DutyRosterModel.swift; sourceTree = "<group>"; };
		5DE9E43D2CE46B4F00B6CA3E /* DutyRosterInteractor.swift */ = {isa = PBXFileReference; lastKnownFileType = sourcecode.swift; path = DutyRosterInteractor.swift; sourceTree = "<group>"; };
		5DE9E43F2CE46C4B00B6CA3E /* DutyRosterPresenter.swift */ = {isa = PBXFileReference; lastKnownFileType = sourcecode.swift; path = DutyRosterPresenter.swift; sourceTree = "<group>"; };
		5DE9E4412CE46D8B00B6CA3E /* DutyRosterRouter.swift */ = {isa = PBXFileReference; lastKnownFileType = sourcecode.swift; path = DutyRosterRouter.swift; sourceTree = "<group>"; };
		5DE9E4432CE472C700B6CA3E /* DutyRosterTableViewCell.swift */ = {isa = PBXFileReference; lastKnownFileType = sourcecode.swift; path = DutyRosterTableViewCell.swift; sourceTree = "<group>"; };
		5DEBFF782CCF67F300250FDA /* DutyCountModel.swift */ = {isa = PBXFileReference; lastKnownFileType = sourcecode.swift; path = DutyCountModel.swift; sourceTree = "<group>"; };
		5DEBFF7A2CCF8F5400250FDA /* DutyInteractor.swift */ = {isa = PBXFileReference; lastKnownFileType = sourcecode.swift; path = DutyInteractor.swift; sourceTree = "<group>"; };
		5DEBFF7C2CCF900900250FDA /* DutyDataModel.swift */ = {isa = PBXFileReference; lastKnownFileType = sourcecode.swift; path = DutyDataModel.swift; sourceTree = "<group>"; };
		5DEBFF7E2CCF930200250FDA /* DutyPresenter.swift */ = {isa = PBXFileReference; lastKnownFileType = sourcecode.swift; path = DutyPresenter.swift; sourceTree = "<group>"; };
		5DEBFF802CCF969000250FDA /* DutyRouter.swift */ = {isa = PBXFileReference; lastKnownFileType = sourcecode.swift; path = DutyRouter.swift; sourceTree = "<group>"; };
		5DF195DF2CCA14DA00A9B9B0 /* DutyRosterViewController.swift */ = {isa = PBXFileReference; lastKnownFileType = sourcecode.swift; path = DutyRosterViewController.swift; sourceTree = "<group>"; };
/* End PBXFileReference section */

/* Begin PBXFrameworksBuildPhase section */
		5D0296912CABC4770037427C /* Frameworks */ = {
			isa = PBXFrameworksBuildPhase;
			buildActionMask = 2147483647;
			files = (
				23283A9D2CBCEB3A00E9DB0F /* NVActivityIndicatorViewExtended in Frameworks */,
				23283AA02CBCEB4B00E9DB0F /* IQKeyboardManagerSwift in Frameworks */,
				23283A9B2CBCEB3A00E9DB0F /* NVActivityIndicatorView in Frameworks */,
				5D8E56782CAFE57100900A04 /* FSCalendar in Frameworks */,
				23283AA32CBCEB9600E9DB0F /* TextFieldEffects in Frameworks */,
			);
			runOnlyForDeploymentPostprocessing = 0;
		};
		5D0296AA2CABC4780037427C /* Frameworks */ = {
			isa = PBXFrameworksBuildPhase;
			buildActionMask = 2147483647;
			files = (
			);
			runOnlyForDeploymentPostprocessing = 0;
		};
		5D0296B42CABC4780037427C /* Frameworks */ = {
			isa = PBXFrameworksBuildPhase;
			buildActionMask = 2147483647;
			files = (
			);
			runOnlyForDeploymentPostprocessing = 0;
		};
/* End PBXFrameworksBuildPhase section */

/* Begin PBXGroup section */
		23283A832CBCCF3F00E9DB0F /* Entity */ = {
			isa = PBXGroup;
			children = (
				23283A912CBCD5DE00E9DB0F /* LoginResponseModel.swift */,
				238D522F2CC10F8100927D4C /* ProfileDataModel.swift */,
				5DDFD69D2CE1FEF4002A01F2 /* GroupResponseModel.swift */,
				5D90F9DC2CCB921300ACF856 /* NotificationModel.swift */,
				5D5E251E2CD0E8F200C6F4D2 /* ClaimsResponseModel.swift */,
				5DDFD6A32CE20D35002A01F2 /* DutySwapModel.swift */,
				5D92CE272CC6203C0098560F /* HomePageResponseModel.swift */,
				5DEBFF7C2CCF900900250FDA /* DutyDataModel.swift */,
				5DE9E43B2CE46A9400B6CA3E /* DutyRosterModel.swift */,
				5D571A5A2CCF55B300D0067D /* ApprovalNotificationModel.swift */,
				5DE9E4312CE45D3400B6CA3E /* LeaveUpdateModel.swift */,
				5D5E251A2CD0E0AA00C6F4D2 /* ClaimsDataModel.swift */,
				5D3CE9CB2CC7613B00F22BE0 /* LeaveDetailModel.swift */,
				5DEBFF782CCF67F300250FDA /* DutyCountModel.swift */,
				5DA9F10B2CC8B21500F97E25 /* ApplyLeaveModel.swift */,
				23788DD72CC24B8D003CBEE1 /* SalaryReportResponse.swift */,
				5D92CE302CC652890098560F /* BufferTimeModel.swift */,
				5D92CE2D2CC62F850098560F /* AvailableLeaveModel.swift */,
				23283AA42CBD0DA100E9DB0F /* SalaryReportModel.swift */,
			);
			path = Entity;
			sourceTree = "<group>";
		};
		23283A842CBCD2AF00E9DB0F /* View */ = {
			isa = PBXGroup;
			children = (
				5D92CE2F2CC6509F0098560F /* Cells */,
				23283A8A2CBCD3F900E9DB0F /* LoginViewController.swift */,
				5D0296D42CABE8410037427C /* EmployeeHomeViewController.swift */,
				5D0296D82CABE91E0037427C /* ReportsViewController.swift */,
				5D0296D62CABE8E60037427C /* NotificationViewController.swift */,
				5D92CE382CC65F1E0098560F /* BufferTimingViewController.swift */,
				5D2B58212CB3E8FB00976E7A /* BufferTimeViewController.swift */,
				5D0296DA2CABE95F0037427C /* ProfileViewController.swift */,
				5D9600CF2CAE9EBA00FA6981 /* SalaryDetailsViewController.swift */,
				5D8E56742CAFB84600900A04 /* LeaveBalanceViewController.swift */,
				5DF195DF2CCA14DA00A9B9B0 /* DutyRosterViewController.swift */,
				5D2C4E0E2CAFEBA80041E0FB /* LeaveApplicationViewController.swift */,
				5D282BAD2CB65C7200597991 /* DutyViewController.swift */,
				5D282BAF2CB6811D00597991 /* ClaimsViewController.swift */,
				5D035A2D2CCCA2D00061D1B6 /* NotificationDetailViewController.swift */,
				5D282BB12CB6816000597991 /* SwapDutyViewController.swift */,
			);
			path = View;
			sourceTree = "<group>";
		};
		23283A852CBCD2B700E9DB0F /* Interactor */ = {
			isa = PBXGroup;
			children = (
				23283A8F2CBCD4C100E9DB0F /* LoginInteractor.swift */,
				5DEBFF7A2CCF8F5400250FDA /* DutyInteractor.swift */,
				5DE9E4332CE45DAA00B6CA3E /* NotificationDetailsInteractor.swift */,
				5DE9E43D2CE46B4F00B6CA3E /* DutyRosterInteractor.swift */,
				5D5E251C2CD0E84900C6F4D2 /* ClaimsInteractor.swift */,
				5DDFD69F2CE20C7A002A01F2 /* SwapDutyInteractor.swift */,
				23283AA62CBD0E5700E9DB0F /* ReportsInteractor.swift */,
				5D90F9DE2CCB950A00ACF856 /* NotificationInteractor.swift */,
				5DA9F10D2CC8B29700F97E25 /* LeaveApplyInteractor.swift */,
				5D3CE9C92CC75FDB00F22BE0 /* LeaveBalanceInteractor.swift */,
				5D92CE322CC652EB0098560F /* BufferTimeInteractor.swift */,
				5D92CE252CC61FC50098560F /* HomeInteractor.swift */,
				23788DDB2CC24C13003CBEE1 /* SalaryDetailsInteractor.swift */,
				238D52312CC10FC400927D4C /* ProfileInteractor.swift */,
			);
			path = Interactor;
			sourceTree = "<group>";
		};
		23283A862CBCD33800E9DB0F /* Presenter */ = {
			isa = PBXGroup;
			children = (
				23283A952CBCD7A700E9DB0F /* LoginPresenter.swift */,
				5D92CE292CC623050098560F /* HomePresenter.swift */,
				5DEBFF7E2CCF930200250FDA /* DutyPresenter.swift */,
				5DE9E43F2CE46C4B00B6CA3E /* DutyRosterPresenter.swift */,
				5DA9F10F2CC8B49300F97E25 /* LeaveApplyPresenter.swift */,
				5DE9E4352CE45F9400B6CA3E /* NotificationDetailPresenter.swift */,
				5D5E25202CD0E9B400C6F4D2 /* ClaimsPresenter.swift */,
				5DDFD6A52CE20DE0002A01F2 /* SwapDutyPresenter.swift */,
				5D90F9E02CCB9D2200ACF856 /* NotificationPresenter.swift */,
				5D3CE9CD2CC761E600F22BE0 /* LeaveDetailPresenter.swift */,
				5D92CE342CC654230098560F /* BufferTimePresenter.swift */,
				238D52332CC110D200927D4C /* ProfilePresenter.swift */,
				23788DDD2CC24D24003CBEE1 /* SalaryDetailsPresenter.swift */,
				23283AA82CBD106500E9DB0F /* ReportsPresenter.swift */,
			);
			path = Presenter;
			sourceTree = "<group>";
		};
		23283A872CBCD34B00E9DB0F /* Router */ = {
			isa = PBXGroup;
			children = (
				23283A972CBCD82100E9DB0F /* LoginRouter.swift */,
				23283AAA2CBD140200E9DB0F /* ReportsRouter.swift */,
				5DEBFF802CCF969000250FDA /* DutyRouter.swift */,
				5DE9E4372CE460B800B6CA3E /* NotificationDetailsRouter.swift */,
				5D5E25222CD0EB2C00C6F4D2 /* ClaimsRouter.swift */,
				5DA9F1112CC8B7E700F97E25 /* ApplyLeaveRouter.swift */,
				5D90F9E22CCBA66300ACF856 /* NotificationRouter.swift */,
				5DE9E4412CE46D8B00B6CA3E /* DutyRosterRouter.swift */,
				5DDFD6A72CE210E0002A01F2 /* SwapDutyRouter.swift */,
				5D3CE9CF2CC762C100F22BE0 /* LeaveBalanceRouter.swift */,
				5D92CE2B2CC6263E0098560F /* HomeRouter.swift */,
				5D92CE362CC655DA0098560F /* BufferTimeRouter.swift */,
				23788DDF2CC24EB0003CBEE1 /* SalaryDetailsRouter.swift */,
				238D52352CC1157000927D4C /* ProfileRouter.swift */,
			);
			path = Router;
			sourceTree = "<group>";
		};
		23283A8C2CBCD44100E9DB0F /* Network */ = {
			isa = PBXGroup;
			children = (
				23283A8D2CBCD45900E9DB0F /* APIWrapper.swift */,
			);
			path = Network;
			sourceTree = "<group>";
		};
		5D02968B2CABC4770037427C = {
			isa = PBXGroup;
			children = (
				5D0296962CABC4770037427C /* SIMATS 360 */,
				5D0296B02CABC4780037427C /* SIMATS 360Tests */,
				5D0296BA2CABC4780037427C /* SIMATS 360UITests */,
				5D0296952CABC4770037427C /* Products */,
			);
			sourceTree = "<group>";
		};
		5D0296952CABC4770037427C /* Products */ = {
			isa = PBXGroup;
			children = (
				5D0296942CABC4770037427C /* Saveetha 360.app */,
				5D0296AD2CABC4780037427C /* Saveetha 360Tests.xctest */,
				5D0296B72CABC4780037427C /* Saveetha 360UITests.xctest */,
			);
			name = Products;
			sourceTree = "<group>";
		};
		5D0296962CABC4770037427C /* SIMATS 360 */ = {
			isa = PBXGroup;
			children = (
				23283A8C2CBCD44100E9DB0F /* Network */,
				23283A842CBCD2AF00E9DB0F /* View */,
				23283A852CBCD2B700E9DB0F /* Interactor */,
				23283A862CBCD33800E9DB0F /* Presenter */,
				23283A832CBCCF3F00E9DB0F /* Entity */,
				23283A872CBCD34B00E9DB0F /* Router */,
				5D0297002CABF21A0037427C /* Fonts */,
				5D0296972CABC4770037427C /* AppDelegate.swift */,
				5D0296992CABC4770037427C /* SceneDelegate.swift */,
				5DA486A92CAE5FA0009E0A56 /* SplashViewController.swift */,
				5D0296CA2CABE77F0037427C /* EmployeeTabBarViewController.swift */,
				5D2C4E102CAFF8800041E0FB /* AttendanceViewController.swift */,
				5DA486A72CAE587B009E0A56 /* NotificationTableViewCell.swift */,
				23283AAC2CBD21D100E9DB0F /* Utils.swift */,
				238D522D2CC1081A00927D4C /* Constants.swift */,
				5DA486AB2CAE9306009E0A56 /* SalaryReportTableViewCell.swift */,
				5DDF3B522CD8CB83001B3303 /* CoreDataManager.swift */,
				5D02969D2CABC4770037427C /* Main.storyboard */,
				5D0296CD2CABE80E0037427C /* UIColorExtension.swift */,
				5D0296CF2CABE80E0037427C /* UIImageExtension.swift */,
				5D0296CC2CABE80E0037427C /* UIViewControllerExtension.swift */,
				5D0296CE2CABE80E0037427C /* UIViewExtension.swift */,
				5D0296A32CABC4780037427C /* Assets.xcassets */,
				5D0296A52CABC4780037427C /* LaunchScreen.storyboard */,
				5D0296A82CABC4780037427C /* Info.plist */,
				5D0296A02CABC4770037427C /* SIMATS_360.xcdatamodeld */,
			);
			path = "SIMATS 360";
			sourceTree = "<group>";
		};
		5D0296B02CABC4780037427C /* SIMATS 360Tests */ = {
			isa = PBXGroup;
			children = (
				5D0296B12CABC4780037427C /* SIMATS_360Tests.swift */,
			);
			path = "SIMATS 360Tests";
			sourceTree = "<group>";
		};
		5D0296BA2CABC4780037427C /* SIMATS 360UITests */ = {
			isa = PBXGroup;
			children = (
				5D0296BB2CABC4780037427C /* SIMATS_360UITests.swift */,
				5D0296BD2CABC4780037427C /* SIMATS_360UITestsLaunchTests.swift */,
			);
			path = "SIMATS 360UITests";
			sourceTree = "<group>";
		};
		5D0297002CABF21A0037427C /* Fonts */ = {
			isa = PBXGroup;
			children = (
				5D0297252CABF6BD0037427C /* Inter-Black.otf */,
				5D0296DC2CABF21A0037427C /* Inter Black.ttf */,
				5D0296DD2CABF21A0037427C /* Inter-BlackItalic.ttf */,
				5D0296DE2CABF21A0037427C /* Inter-Bold.ttf */,
				5D0296DF2CABF21A0037427C /* Inter-BoldItalic.ttf */,
				5D0296E02CABF21A0037427C /* Inter-ExtraBold.ttf */,
				5D0296E12CABF21A0037427C /* Inter-ExtraBoldItalic.ttf */,
				5D0296E22CABF21A0037427C /* Inter-ExtraLight.ttf */,
				5D0296E32CABF21A0037427C /* Inter-ExtraLightItalic.ttf */,
				5D0296E42CABF21A0037427C /* Inter-Italic.ttf */,
				5D0296E52CABF21A0037427C /* Inter-Light.ttf */,
				5D0296E62CABF21A0037427C /* Inter-LightItalic.ttf */,
				5D0296E72CABF21A0037427C /* Inter-Medium.ttf */,
				5D0296E82CABF21A0037427C /* Inter-MediumItalic.ttf */,
				5D0296E92CABF21A0037427C /* Inter-Regular.ttf */,
				5D0296EA2CABF21A0037427C /* Inter-SemiBold.ttf */,
				5D0296EB2CABF21A0037427C /* Inter-SemiBoldItalic.ttf */,
				5D0296EC2CABF21A0037427C /* Inter-Thin.ttf */,
				5D0296ED2CABF21A0037427C /* Inter-ThinItalic.ttf */,
				5D0296EE2CABF21A0037427C /* InterDisplay-Black.ttf */,
				5D0296EF2CABF21A0037427C /* InterDisplay-BlackItalic.ttf */,
				5D0296F02CABF21A0037427C /* InterDisplay-Bold.ttf */,
				5D0296F12CABF21A0037427C /* InterDisplay-BoldItalic.ttf */,
				5D0296F22CABF21A0037427C /* InterDisplay-ExtraBold.ttf */,
				5D0296F32CABF21A0037427C /* InterDisplay-ExtraBoldItalic.ttf */,
				5D0296F42CABF21A0037427C /* InterDisplay-ExtraLight.ttf */,
				5D0296F52CABF21A0037427C /* InterDisplay-ExtraLightItalic.ttf */,
				5D0296F62CABF21A0037427C /* InterDisplay-Italic.ttf */,
				5D0296F72CABF21A0037427C /* InterDisplay-Light.ttf */,
				5D0296F82CABF21A0037427C /* InterDisplay-LightItalic.ttf */,
				5D0296F92CABF21A0037427C /* InterDisplay-Medium.ttf */,
				5D0296FA2CABF21A0037427C /* InterDisplay-MediumItalic.ttf */,
				5D0296FB2CABF21A0037427C /* InterDisplay-Regular.ttf */,
				5D0296FC2CABF21A0037427C /* InterDisplay-SemiBold.ttf */,
				5D0296FD2CABF21A0037427C /* InterDisplay-SemiBoldItalic.ttf */,
				5D0296FE2CABF21A0037427C /* InterDisplay-Thin.ttf */,
				5D0296FF2CABF21A0037427C /* InterDisplay-ThinItalic.ttf */,
			);
			path = Fonts;
			sourceTree = "<group>";
		};
		5D92CE2F2CC6509F0098560F /* Cells */ = {
			isa = PBXGroup;
			children = (
				5D2B58232CB3E9A500976E7A /* BufferTimeTableViewCell.swift */,
				5D3CE9C72CC75EB300F22BE0 /* LeaveDatailTableViewCell.swift */,
				5DE9E4432CE472C700B6CA3E /* DutyRosterTableViewCell.swift */,
			);
			path = Cells;
			sourceTree = "<group>";
		};
/* End PBXGroup section */

/* Begin PBXNativeTarget section */
		5D0296932CABC4770037427C /* Saveetha 360 */ = {
			isa = PBXNativeTarget;
			buildConfigurationList = 5D0296C12CABC4780037427C /* Build configuration list for PBXNativeTarget "Saveetha 360" */;
			buildPhases = (
				5D0296902CABC4770037427C /* Sources */,
				5D0296912CABC4770037427C /* Frameworks */,
				5D0296922CABC4770037427C /* Resources */,
			);
			buildRules = (
			);
			dependencies = (
			);
			name = "Saveetha 360";
			packageProductDependencies = (
				5D8E56772CAFE57100900A04 /* FSCalendar */,
				23283A9A2CBCEB3A00E9DB0F /* NVActivityIndicatorView */,
				23283A9C2CBCEB3A00E9DB0F /* NVActivityIndicatorViewExtended */,
				23283A9F2CBCEB4B00E9DB0F /* IQKeyboardManagerSwift */,
				23283AA22CBCEB9600E9DB0F /* TextFieldEffects */,
			);
			productName = "SIMATS 360";
			productReference = 5D0296942CABC4770037427C /* Saveetha 360.app */;
			productType = "com.apple.product-type.application";
		};
		5D0296AC2CABC4780037427C /* Saveetha 360Tests */ = {
			isa = PBXNativeTarget;
			buildConfigurationList = 5D0296C42CABC4780037427C /* Build configuration list for PBXNativeTarget "Saveetha 360Tests" */;
			buildPhases = (
				5D0296A92CABC4780037427C /* Sources */,
				5D0296AA2CABC4780037427C /* Frameworks */,
				5D0296AB2CABC4780037427C /* Resources */,
			);
			buildRules = (
			);
			dependencies = (
				5D0296AF2CABC4780037427C /* PBXTargetDependency */,
			);
			name = "Saveetha 360Tests";
			productName = "SIMATS 360Tests";
			productReference = 5D0296AD2CABC4780037427C /* Saveetha 360Tests.xctest */;
			productType = "com.apple.product-type.bundle.unit-test";
		};
		5D0296B62CABC4780037427C /* Saveetha 360UITests */ = {
			isa = PBXNativeTarget;
			buildConfigurationList = 5D0296C72CABC4780037427C /* Build configuration list for PBXNativeTarget "Saveetha 360UITests" */;
			buildPhases = (
				5D0296B32CABC4780037427C /* Sources */,
				5D0296B42CABC4780037427C /* Frameworks */,
				5D0296B52CABC4780037427C /* Resources */,
			);
			buildRules = (
			);
			dependencies = (
				5D0296B92CABC4780037427C /* PBXTargetDependency */,
			);
			name = "Saveetha 360UITests";
			productName = "SIMATS 360UITests";
			productReference = 5D0296B72CABC4780037427C /* Saveetha 360UITests.xctest */;
			productType = "com.apple.product-type.bundle.ui-testing";
		};
/* End PBXNativeTarget section */

/* Begin PBXProject section */
		5D02968C2CABC4770037427C /* Project object */ = {
			isa = PBXProject;
			attributes = {
				BuildIndependentTargetsInParallel = 1;
				LastSwiftUpdateCheck = 1530;
				LastUpgradeCheck = 1530;
				TargetAttributes = {
					5D0296932CABC4770037427C = {
						CreatedOnToolsVersion = 15.3;
					};
					5D0296AC2CABC4780037427C = {
						CreatedOnToolsVersion = 15.3;
						TestTargetID = 5D0296932CABC4770037427C;
					};
					5D0296B62CABC4780037427C = {
						CreatedOnToolsVersion = 15.3;
						TestTargetID = 5D0296932CABC4770037427C;
					};
				};
			};
			buildConfigurationList = 5D02968F2CABC4770037427C /* Build configuration list for PBXProject "Saveetha 360" */;
			compatibilityVersion = "Xcode 14.0";
			developmentRegion = en;
			hasScannedForEncodings = 0;
			knownRegions = (
				en,
				Base,
			);
			mainGroup = 5D02968B2CABC4770037427C;
			packageReferences = (
				5D8E56762CAFE57100900A04 /* XCRemoteSwiftPackageReference "FSCalendar" */,
				23283A992CBCEB3A00E9DB0F /* XCRemoteSwiftPackageReference "NVActivityIndicatorView" */,
				23283A9E2CBCEB4B00E9DB0F /* XCRemoteSwiftPackageReference "IQKeyboardManager" */,
				23283AA12CBCEB9600E9DB0F /* XCRemoteSwiftPackageReference "TextFieldEffects" */,
			);
			productRefGroup = 5D0296952CABC4770037427C /* Products */;
			projectDirPath = "";
			projectRoot = "";
			targets = (
				5D0296932CABC4770037427C /* Saveetha 360 */,
				5D0296AC2CABC4780037427C /* Saveetha 360Tests */,
				5D0296B62CABC4780037427C /* Saveetha 360UITests */,
			);
		};
/* End PBXProject section */

/* Begin PBXResourcesBuildPhase section */
		5D0296922CABC4770037427C /* Resources */ = {
			isa = PBXResourcesBuildPhase;
			buildActionMask = 2147483647;
			files = (
				5D0297032CABF21A0037427C /* Inter-Bold.ttf in Resources */,
				5D0297092CABF21A0037427C /* Inter-Italic.ttf in Resources */,
				5D0297072CABF21A0037427C /* Inter-ExtraLight.ttf in Resources */,
				5D0297042CABF21A0037427C /* Inter-BoldItalic.ttf in Resources */,
				5D0297132CABF21A0037427C /* InterDisplay-Black.ttf in Resources */,
				5D02970B2CABF21A0037427C /* Inter-LightItalic.ttf in Resources */,
				5D0297142CABF21A0037427C /* InterDisplay-BlackItalic.ttf in Resources */,
				5D0297222CABF21A0037427C /* InterDisplay-SemiBoldItalic.ttf in Resources */,
				5D0297152CABF21A0037427C /* InterDisplay-Bold.ttf in Resources */,
				5D0297062CABF21A0037427C /* Inter-ExtraBoldItalic.ttf in Resources */,
				5D0297212CABF21A0037427C /* InterDisplay-SemiBold.ttf in Resources */,
				5D02970A2CABF21A0037427C /* Inter-Light.ttf in Resources */,
				5D0297082CABF21A0037427C /* Inter-ExtraLightItalic.ttf in Resources */,
				5D02971D2CABF21A0037427C /* InterDisplay-LightItalic.ttf in Resources */,
				5D0297112CABF21A0037427C /* Inter-Thin.ttf in Resources */,
				5D0297242CABF21A0037427C /* InterDisplay-ThinItalic.ttf in Resources */,
				5D02971F2CABF21A0037427C /* InterDisplay-MediumItalic.ttf in Resources */,
				5D02971B2CABF21A0037427C /* InterDisplay-Italic.ttf in Resources */,
				5D0297192CABF21A0037427C /* InterDisplay-ExtraLight.ttf in Resources */,
				5D02971E2CABF21A0037427C /* InterDisplay-Medium.ttf in Resources */,
				5D0297232CABF21A0037427C /* InterDisplay-Thin.ttf in Resources */,
				5D0297122CABF21A0037427C /* Inter-ThinItalic.ttf in Resources */,
				5D0297162CABF21A0037427C /* InterDisplay-BoldItalic.ttf in Resources */,
				5D0297102CABF21A0037427C /* Inter-SemiBoldItalic.ttf in Resources */,
				5D02970D2CABF21A0037427C /* Inter-MediumItalic.ttf in Resources */,
				5D02970C2CABF21A0037427C /* Inter-Medium.ttf in Resources */,
				5D0296A42CABC4780037427C /* Assets.xcassets in Resources */,
				5D0297172CABF21A0037427C /* InterDisplay-ExtraBold.ttf in Resources */,
				5D0297052CABF21A0037427C /* Inter-ExtraBold.ttf in Resources */,
				5D02970F2CABF21A0037427C /* Inter-SemiBold.ttf in Resources */,
				5D0297202CABF21A0037427C /* InterDisplay-Regular.ttf in Resources */,
				5D02971A2CABF21A0037427C /* InterDisplay-ExtraLightItalic.ttf in Resources */,
				5D02971C2CABF21A0037427C /* InterDisplay-Light.ttf in Resources */,
				5D0296A72CABC4780037427C /* Base in Resources */,
				5D02969F2CABC4770037427C /* Base in Resources */,
				5D0297022CABF21A0037427C /* Inter-BlackItalic.ttf in Resources */,
				5D02970E2CABF21A0037427C /* Inter-Regular.ttf in Resources */,
				5D0297012CABF21A0037427C /* Inter Black.ttf in Resources */,
				5D0297182CABF21A0037427C /* InterDisplay-ExtraBoldItalic.ttf in Resources */,
			);
			runOnlyForDeploymentPostprocessing = 0;
		};
		5D0296AB2CABC4780037427C /* Resources */ = {
			isa = PBXResourcesBuildPhase;
			buildActionMask = 2147483647;
			files = (
			);
			runOnlyForDeploymentPostprocessing = 0;
		};
		5D0296B52CABC4780037427C /* Resources */ = {
			isa = PBXResourcesBuildPhase;
			buildActionMask = 2147483647;
			files = (
			);
			runOnlyForDeploymentPostprocessing = 0;
		};
/* End PBXResourcesBuildPhase section */

/* Begin PBXSourcesBuildPhase section */
		5D0296902CABC4770037427C /* Sources */ = {
			isa = PBXSourcesBuildPhase;
			buildActionMask = 2147483647;
			files = (
				5D5E251B2CD0E0AA00C6F4D2 /* ClaimsDataModel.swift in Sources */,
				5D2B58242CB3E9A500976E7A /* BufferTimeTableViewCell.swift in Sources */,
				238D52302CC10F8100927D4C /* ProfileDataModel.swift in Sources */,
				5D0296D72CABE8E60037427C /* NotificationViewController.swift in Sources */,
				5D282BAE2CB65C7200597991 /* DutyViewController.swift in Sources */,
				5D2B58222CB3E8FB00976E7A /* BufferTimeViewController.swift in Sources */,
				5D2C4E0F2CAFEBA80041E0FB /* LeaveApplicationViewController.swift in Sources */,
				5DDFD6A82CE210E0002A01F2 /* SwapDutyRouter.swift in Sources */,
				5DDFD6A62CE20DE0002A01F2 /* SwapDutyPresenter.swift in Sources */,
				5D0296A22CABC4770037427C /* SIMATS_360.xcdatamodeld in Sources */,
				5DA486A82CAE587B009E0A56 /* NotificationTableViewCell.swift in Sources */,
				5D5E251F2CD0E8F200C6F4D2 /* ClaimsResponseModel.swift in Sources */,
				5D0296D12CABE80E0037427C /* UIColorExtension.swift in Sources */,
				23283A982CBCD82100E9DB0F /* LoginRouter.swift in Sources */,
				23283A922CBCD5DE00E9DB0F /* LoginResponseModel.swift in Sources */,
				23283AAD2CBD21D100E9DB0F /* Utils.swift in Sources */,
				5D0296CB2CABE77F0037427C /* EmployeeTabBarViewController.swift in Sources */,
				5DA9F1102CC8B49300F97E25 /* LeaveApplyPresenter.swift in Sources */,
				5DA486AC2CAE9306009E0A56 /* SalaryReportTableViewCell.swift in Sources */,
				5D92CE2A2CC623050098560F /* HomePresenter.swift in Sources */,
				5DA9F1122CC8B7E700F97E25 /* ApplyLeaveRouter.swift in Sources */,
				5DA9F10E2CC8B29700F97E25 /* LeaveApplyInteractor.swift in Sources */,
				5DA486AA2CAE5FA0009E0A56 /* SplashViewController.swift in Sources */,
				5D5E25212CD0E9B400C6F4D2 /* ClaimsPresenter.swift in Sources */,
				5D9600D02CAE9EBA00FA6981 /* SalaryDetailsViewController.swift in Sources */,
				5D92CE372CC655DA0098560F /* BufferTimeRouter.swift in Sources */,
				5DE9E43C2CE46A9400B6CA3E /* DutyRosterModel.swift in Sources */,
				5D92CE392CC65F1E0098560F /* BufferTimingViewController.swift in Sources */,
				5D0296D02CABE80E0037427C /* UIViewControllerExtension.swift in Sources */,
				23283A8B2CBCD3F900E9DB0F /* LoginViewController.swift in Sources */,
				5DE9E4322CE45D3400B6CA3E /* LeaveUpdateModel.swift in Sources */,
				5DEBFF7B2CCF8F5400250FDA /* DutyInteractor.swift in Sources */,
				5D92CE2E2CC62F850098560F /* AvailableLeaveModel.swift in Sources */,
				5D90F9DF2CCB950A00ACF856 /* NotificationInteractor.swift in Sources */,
				5DDFD69E2CE1FEF4002A01F2 /* GroupResponseModel.swift in Sources */,
				5D0296D32CABE80E0037427C /* UIImageExtension.swift in Sources */,
				5DDFD6A42CE20D35002A01F2 /* DutySwapModel.swift in Sources */,
				5D92CE352CC654230098560F /* BufferTimePresenter.swift in Sources */,
				5D8E56752CAFB84600900A04 /* LeaveBalanceViewController.swift in Sources */,
				5DDF3B532CD8CB83001B3303 /* CoreDataManager.swift in Sources */,
				5D92CE332CC652EB0098560F /* BufferTimeInteractor.swift in Sources */,
				5DF195E02CCA14DB00A9B9B0 /* DutyRosterViewController.swift in Sources */,
				23283A8E2CBCD45900E9DB0F /* APIWrapper.swift in Sources */,
				5D3CE9C82CC75EB300F22BE0 /* LeaveDatailTableViewCell.swift in Sources */,
				23283A962CBCD7A700E9DB0F /* LoginPresenter.swift in Sources */,
				23283AA52CBD0DA100E9DB0F /* SalaryReportModel.swift in Sources */,
				23788DE02CC24EB0003CBEE1 /* SalaryDetailsRouter.swift in Sources */,
				5DE9E4442CE472C700B6CA3E /* DutyRosterTableViewCell.swift in Sources */,
				5DE9E4382CE460B800B6CA3E /* NotificationDetailsRouter.swift in Sources */,
				5D92CE312CC652890098560F /* BufferTimeModel.swift in Sources */,
				5DEBFF7F2CCF930200250FDA /* DutyPresenter.swift in Sources */,
				5DE9E4362CE45F9400B6CA3E /* NotificationDetailPresenter.swift in Sources */,
				5D3CE9CC2CC7613B00F22BE0 /* LeaveDetailModel.swift in Sources */,
				23283A902CBCD4C100E9DB0F /* LoginInteractor.swift in Sources */,
				238D52362CC1157000927D4C /* ProfileRouter.swift in Sources */,
				5D5E251D2CD0E84900C6F4D2 /* ClaimsInteractor.swift in Sources */,
				5D282BB22CB6816000597991 /* SwapDutyViewController.swift in Sources */,
				5DA9F10C2CC8B21500F97E25 /* ApplyLeaveModel.swift in Sources */,
				23283AA92CBD106500E9DB0F /* ReportsPresenter.swift in Sources */,
				5D90F9E32CCBA66300ACF856 /* NotificationRouter.swift in Sources */,
				5D0296DB2CABE95F0037427C /* ProfileViewController.swift in Sources */,
				5D282BB02CB6811D00597991 /* ClaimsViewController.swift in Sources */,
				23788DD82CC24B8D003CBEE1 /* SalaryReportResponse.swift in Sources */,
				5D571A5B2CCF55B300D0067D /* ApprovalNotificationModel.swift in Sources */,
				5DE9E4422CE46D8B00B6CA3E /* DutyRosterRouter.swift in Sources */,
				238D52322CC10FC400927D4C /* ProfileInteractor.swift in Sources */,
				5D5E25232CD0EB2C00C6F4D2 /* ClaimsRouter.swift in Sources */,
				5D0296D92CABE91E0037427C /* ReportsViewController.swift in Sources */,
				5D92CE262CC61FC50098560F /* HomeInteractor.swift in Sources */,
				5D90F9DD2CCB921300ACF856 /* NotificationModel.swift in Sources */,
				5D0296982CABC4770037427C /* AppDelegate.swift in Sources */,
				23283AAB2CBD140200E9DB0F /* ReportsRouter.swift in Sources */,
				5D92CE2C2CC6263E0098560F /* HomeRouter.swift in Sources */,
				5D3CE9CA2CC75FDB00F22BE0 /* LeaveBalanceInteractor.swift in Sources */,
				5DEBFF7D2CCF900900250FDA /* DutyDataModel.swift in Sources */,
				5D0296D22CABE80E0037427C /* UIViewExtension.swift in Sources */,
				5DDFD6A02CE20C7A002A01F2 /* SwapDutyInteractor.swift in Sources */,
				23283AA72CBD0E5700E9DB0F /* ReportsInteractor.swift in Sources */,
				5D3CE9D02CC762C100F22BE0 /* LeaveBalanceRouter.swift in Sources */,
				5D92CE282CC6203C0098560F /* HomePageResponseModel.swift in Sources */,
				23788DDE2CC24D24003CBEE1 /* SalaryDetailsPresenter.swift in Sources */,
				5D90F9E12CCB9D2200ACF856 /* NotificationPresenter.swift in Sources */,
				5D0296D52CABE8410037427C /* EmployeeHomeViewController.swift in Sources */,
				5DEBFF812CCF969000250FDA /* DutyRouter.swift in Sources */,
				23788DDC2CC24C13003CBEE1 /* SalaryDetailsInteractor.swift in Sources */,
				5DE9E4402CE46C4B00B6CA3E /* DutyRosterPresenter.swift in Sources */,
				5D02969A2CABC4770037427C /* SceneDelegate.swift in Sources */,
				5DEBFF792CCF67F300250FDA /* DutyCountModel.swift in Sources */,
				5D2C4E112CAFF8800041E0FB /* AttendanceViewController.swift in Sources */,
				238D522E2CC1081A00927D4C /* Constants.swift in Sources */,
				238D52342CC110D200927D4C /* ProfilePresenter.swift in Sources */,
				5D3CE9CE2CC761E600F22BE0 /* LeaveDetailPresenter.swift in Sources */,
				5DE9E43E2CE46B4F00B6CA3E /* DutyRosterInteractor.swift in Sources */,
				5DE9E4342CE45DAA00B6CA3E /* NotificationDetailsInteractor.swift in Sources */,
				5D035A2E2CCCA2D00061D1B6 /* NotificationDetailViewController.swift in Sources */,
			);
			runOnlyForDeploymentPostprocessing = 0;
		};
		5D0296A92CABC4780037427C /* Sources */ = {
			isa = PBXSourcesBuildPhase;
			buildActionMask = 2147483647;
			files = (
				5D0296B22CABC4780037427C /* SIMATS_360Tests.swift in Sources */,
			);
			runOnlyForDeploymentPostprocessing = 0;
		};
		5D0296B32CABC4780037427C /* Sources */ = {
			isa = PBXSourcesBuildPhase;
			buildActionMask = 2147483647;
			files = (
				5D0296BC2CABC4780037427C /* SIMATS_360UITests.swift in Sources */,
				5D0296BE2CABC4780037427C /* SIMATS_360UITestsLaunchTests.swift in Sources */,
			);
			runOnlyForDeploymentPostprocessing = 0;
		};
/* End PBXSourcesBuildPhase section */

/* Begin PBXTargetDependency section */
		5D0296AF2CABC4780037427C /* PBXTargetDependency */ = {
			isa = PBXTargetDependency;
			target = 5D0296932CABC4770037427C /* Saveetha 360 */;
			targetProxy = 5D0296AE2CABC4780037427C /* PBXContainerItemProxy */;
		};
		5D0296B92CABC4780037427C /* PBXTargetDependency */ = {
			isa = PBXTargetDependency;
			target = 5D0296932CABC4770037427C /* Saveetha 360 */;
			targetProxy = 5D0296B82CABC4780037427C /* PBXContainerItemProxy */;
		};
/* End PBXTargetDependency section */

/* Begin PBXVariantGroup section */
		5D02969D2CABC4770037427C /* Main.storyboard */ = {
			isa = PBXVariantGroup;
			children = (
				5D02969E2CABC4770037427C /* Base */,
			);
			name = Main.storyboard;
			sourceTree = "<group>";
		};
		5D0296A52CABC4780037427C /* LaunchScreen.storyboard */ = {
			isa = PBXVariantGroup;
			children = (
				5D0296A62CABC4780037427C /* Base */,
			);
			name = LaunchScreen.storyboard;
			sourceTree = "<group>";
		};
/* End PBXVariantGroup section */

/* Begin XCBuildConfiguration section */
		5D0296BF2CABC4780037427C /* Debug */ = {
			isa = XCBuildConfiguration;
			buildSettings = {
				ALWAYS_SEARCH_USER_PATHS = NO;
				ASSETCATALOG_COMPILER_GENERATE_SWIFT_ASSET_SYMBOL_EXTENSIONS = YES;
				CLANG_ANALYZER_NONNULL = YES;
				CLANG_ANALYZER_NUMBER_OBJECT_CONVERSION = YES_AGGRESSIVE;
				CLANG_CXX_LANGUAGE_STANDARD = "gnu++20";
				CLANG_ENABLE_MODULES = YES;
				CLANG_ENABLE_OBJC_ARC = YES;
				CLANG_ENABLE_OBJC_WEAK = YES;
				CLANG_WARN_BLOCK_CAPTURE_AUTORELEASING = YES;
				CLANG_WARN_BOOL_CONVERSION = YES;
				CLANG_WARN_COMMA = YES;
				CLANG_WARN_CONSTANT_CONVERSION = YES;
				CLANG_WARN_DEPRECATED_OBJC_IMPLEMENTATIONS = YES;
				CLANG_WARN_DIRECT_OBJC_ISA_USAGE = YES_ERROR;
				CLANG_WARN_DOCUMENTATION_COMMENTS = YES;
				CLANG_WARN_EMPTY_BODY = YES;
				CLANG_WARN_ENUM_CONVERSION = YES;
				CLANG_WARN_INFINITE_RECURSION = YES;
				CLANG_WARN_INT_CONVERSION = YES;
				CLANG_WARN_NON_LITERAL_NULL_CONVERSION = YES;
				CLANG_WARN_OBJC_IMPLICIT_RETAIN_SELF = YES;
				CLANG_WARN_OBJC_LITERAL_CONVERSION = YES;
				CLANG_WARN_OBJC_ROOT_CLASS = YES_ERROR;
				CLANG_WARN_QUOTED_INCLUDE_IN_FRAMEWORK_HEADER = YES;
				CLANG_WARN_RANGE_LOOP_ANALYSIS = YES;
				CLANG_WARN_STRICT_PROTOTYPES = YES;
				CLANG_WARN_SUSPICIOUS_MOVE = YES;
				CLANG_WARN_UNGUARDED_AVAILABILITY = YES_AGGRESSIVE;
				CLANG_WARN_UNREACHABLE_CODE = YES;
				CLANG_WARN__DUPLICATE_METHOD_MATCH = YES;
				COPY_PHASE_STRIP = NO;
				DEBUG_INFORMATION_FORMAT = dwarf;
				ENABLE_STRICT_OBJC_MSGSEND = YES;
				ENABLE_TESTABILITY = YES;
				ENABLE_USER_SCRIPT_SANDBOXING = YES;
				GCC_C_LANGUAGE_STANDARD = gnu17;
				GCC_DYNAMIC_NO_PIC = NO;
				GCC_NO_COMMON_BLOCKS = YES;
				GCC_OPTIMIZATION_LEVEL = 0;
				GCC_PREPROCESSOR_DEFINITIONS = (
					"DEBUG=1",
					"$(inherited)",
				);
				GCC_WARN_64_TO_32_BIT_CONVERSION = YES;
				GCC_WARN_ABOUT_RETURN_TYPE = YES_ERROR;
				GCC_WARN_UNDECLARED_SELECTOR = YES;
				GCC_WARN_UNINITIALIZED_AUTOS = YES_AGGRESSIVE;
				GCC_WARN_UNUSED_FUNCTION = YES;
				GCC_WARN_UNUSED_VARIABLE = YES;
				IPHONEOS_DEPLOYMENT_TARGET = 17.4;
				LOCALIZATION_PREFERS_STRING_CATALOGS = YES;
				MTL_ENABLE_DEBUG_INFO = INCLUDE_SOURCE;
				MTL_FAST_MATH = YES;
				ONLY_ACTIVE_ARCH = YES;
				SDKROOT = iphoneos;
				SWIFT_ACTIVE_COMPILATION_CONDITIONS = "DEBUG $(inherited)";
				SWIFT_OPTIMIZATION_LEVEL = "-Onone";
			};
			name = Debug;
		};
		5D0296C02CABC4780037427C /* Release */ = {
			isa = XCBuildConfiguration;
			buildSettings = {
				ALWAYS_SEARCH_USER_PATHS = NO;
				ASSETCATALOG_COMPILER_GENERATE_SWIFT_ASSET_SYMBOL_EXTENSIONS = YES;
				CLANG_ANALYZER_NONNULL = YES;
				CLANG_ANALYZER_NUMBER_OBJECT_CONVERSION = YES_AGGRESSIVE;
				CLANG_CXX_LANGUAGE_STANDARD = "gnu++20";
				CLANG_ENABLE_MODULES = YES;
				CLANG_ENABLE_OBJC_ARC = YES;
				CLANG_ENABLE_OBJC_WEAK = YES;
				CLANG_WARN_BLOCK_CAPTURE_AUTORELEASING = YES;
				CLANG_WARN_BOOL_CONVERSION = YES;
				CLANG_WARN_COMMA = YES;
				CLANG_WARN_CONSTANT_CONVERSION = YES;
				CLANG_WARN_DEPRECATED_OBJC_IMPLEMENTATIONS = YES;
				CLANG_WARN_DIRECT_OBJC_ISA_USAGE = YES_ERROR;
				CLANG_WARN_DOCUMENTATION_COMMENTS = YES;
				CLANG_WARN_EMPTY_BODY = YES;
				CLANG_WARN_ENUM_CONVERSION = YES;
				CLANG_WARN_INFINITE_RECURSION = YES;
				CLANG_WARN_INT_CONVERSION = YES;
				CLANG_WARN_NON_LITERAL_NULL_CONVERSION = YES;
				CLANG_WARN_OBJC_IMPLICIT_RETAIN_SELF = YES;
				CLANG_WARN_OBJC_LITERAL_CONVERSION = YES;
				CLANG_WARN_OBJC_ROOT_CLASS = YES_ERROR;
				CLANG_WARN_QUOTED_INCLUDE_IN_FRAMEWORK_HEADER = YES;
				CLANG_WARN_RANGE_LOOP_ANALYSIS = YES;
				CLANG_WARN_STRICT_PROTOTYPES = YES;
				CLANG_WARN_SUSPICIOUS_MOVE = YES;
				CLANG_WARN_UNGUARDED_AVAILABILITY = YES_AGGRESSIVE;
				CLANG_WARN_UNREACHABLE_CODE = YES;
				CLANG_WARN__DUPLICATE_METHOD_MATCH = YES;
				COPY_PHASE_STRIP = NO;
				DEBUG_INFORMATION_FORMAT = "dwarf-with-dsym";
				ENABLE_NS_ASSERTIONS = NO;
				ENABLE_STRICT_OBJC_MSGSEND = YES;
				ENABLE_USER_SCRIPT_SANDBOXING = YES;
				GCC_C_LANGUAGE_STANDARD = gnu17;
				GCC_NO_COMMON_BLOCKS = YES;
				GCC_WARN_64_TO_32_BIT_CONVERSION = YES;
				GCC_WARN_ABOUT_RETURN_TYPE = YES_ERROR;
				GCC_WARN_UNDECLARED_SELECTOR = YES;
				GCC_WARN_UNINITIALIZED_AUTOS = YES_AGGRESSIVE;
				GCC_WARN_UNUSED_FUNCTION = YES;
				GCC_WARN_UNUSED_VARIABLE = YES;
				IPHONEOS_DEPLOYMENT_TARGET = 17.4;
				LOCALIZATION_PREFERS_STRING_CATALOGS = YES;
				MTL_ENABLE_DEBUG_INFO = NO;
				MTL_FAST_MATH = YES;
				SDKROOT = iphoneos;
				SWIFT_COMPILATION_MODE = wholemodule;
				VALIDATE_PRODUCT = YES;
			};
			name = Release;
		};
		5D0296C22CABC4780037427C /* Debug */ = {
			isa = XCBuildConfiguration;
			buildSettings = {
				ASSETCATALOG_COMPILER_APPICON_NAME = AppIcon;
				ASSETCATALOG_COMPILER_GLOBAL_ACCENT_COLOR_NAME = AccentColor;
				CODE_SIGN_STYLE = Automatic;
				CURRENT_PROJECT_VERSION = 1;
				DEVELOPMENT_TEAM = U4KLJ47VG6;
				GENERATE_INFOPLIST_FILE = YES;
				INFOPLIST_FILE = "SIMATS 360/Info.plist";
				INFOPLIST_KEY_UIApplicationSupportsIndirectInputEvents = YES;
				INFOPLIST_KEY_UILaunchStoryboardName = LaunchScreen;
				INFOPLIST_KEY_UIMainStoryboardFile = Main;
				INFOPLIST_KEY_UISupportedInterfaceOrientations_iPad = "UIInterfaceOrientationPortrait UIInterfaceOrientationPortraitUpsideDown UIInterfaceOrientationLandscapeLeft UIInterfaceOrientationLandscapeRight";
				INFOPLIST_KEY_UISupportedInterfaceOrientations_iPhone = "UIInterfaceOrientationPortrait UIInterfaceOrientationLandscapeLeft UIInterfaceOrientationLandscapeRight";
				LD_RUNPATH_SEARCH_PATHS = (
					"$(inherited)",
					"@executable_path/Frameworks",
				);
				MARKETING_VERSION = 1.0;
				PRODUCT_BUNDLE_IDENTIFIER = "com.saveetha.SIMATS-360";
				PRODUCT_NAME = "$(TARGET_NAME)";
				SWIFT_EMIT_LOC_STRINGS = YES;
				SWIFT_VERSION = 5.0;
				TARGETED_DEVICE_FAMILY = "1,2";
			};
			name = Debug;
		};
		5D0296C32CABC4780037427C /* Release */ = {
			isa = XCBuildConfiguration;
			buildSettings = {
				ASSETCATALOG_COMPILER_APPICON_NAME = AppIcon;
				ASSETCATALOG_COMPILER_GLOBAL_ACCENT_COLOR_NAME = AccentColor;
				CODE_SIGN_STYLE = Automatic;
				CURRENT_PROJECT_VERSION = 1;
				DEVELOPMENT_TEAM = U4KLJ47VG6;
				GENERATE_INFOPLIST_FILE = YES;
				INFOPLIST_FILE = "SIMATS 360/Info.plist";
				INFOPLIST_KEY_UIApplicationSupportsIndirectInputEvents = YES;
				INFOPLIST_KEY_UILaunchStoryboardName = LaunchScreen;
				INFOPLIST_KEY_UIMainStoryboardFile = Main;
				INFOPLIST_KEY_UISupportedInterfaceOrientations_iPad = "UIInterfaceOrientationPortrait UIInterfaceOrientationPortraitUpsideDown UIInterfaceOrientationLandscapeLeft UIInterfaceOrientationLandscapeRight";
				INFOPLIST_KEY_UISupportedInterfaceOrientations_iPhone = "UIInterfaceOrientationPortrait UIInterfaceOrientationLandscapeLeft UIInterfaceOrientationLandscapeRight";
				LD_RUNPATH_SEARCH_PATHS = (
					"$(inherited)",
					"@executable_path/Frameworks",
				);
				MARKETING_VERSION = 1.0;
				PRODUCT_BUNDLE_IDENTIFIER = "com.saveetha.SIMATS-360";
				PRODUCT_NAME = "$(TARGET_NAME)";
				SWIFT_EMIT_LOC_STRINGS = YES;
				SWIFT_VERSION = 5.0;
				TARGETED_DEVICE_FAMILY = "1,2";
			};
			name = Release;
		};
		5D0296C52CABC4780037427C /* Debug */ = {
			isa = XCBuildConfiguration;
			buildSettings = {
				ALWAYS_EMBED_SWIFT_STANDARD_LIBRARIES = YES;
				BUNDLE_LOADER = "$(TEST_HOST)";
				CODE_SIGN_STYLE = Automatic;
				CURRENT_PROJECT_VERSION = 1;
				DEVELOPMENT_TEAM = U4KLJ47VG6;
				GENERATE_INFOPLIST_FILE = YES;
				IPHONEOS_DEPLOYMENT_TARGET = 17.4;
				MARKETING_VERSION = 1.0;
				PRODUCT_BUNDLE_IDENTIFIER = "com.saveetha.SIMATS-360Tests";
				PRODUCT_NAME = "$(TARGET_NAME)";
				SWIFT_EMIT_LOC_STRINGS = NO;
				SWIFT_VERSION = 5.0;
				TARGETED_DEVICE_FAMILY = "1,2";
				TEST_HOST = "$(BUILT_PRODUCTS_DIR)/Saveetha 360.app/$(BUNDLE_EXECUTABLE_FOLDER_PATH)/Saveetha 360";
			};
			name = Debug;
		};
		5D0296C62CABC4780037427C /* Release */ = {
			isa = XCBuildConfiguration;
			buildSettings = {
				ALWAYS_EMBED_SWIFT_STANDARD_LIBRARIES = YES;
				BUNDLE_LOADER = "$(TEST_HOST)";
				CODE_SIGN_STYLE = Automatic;
				CURRENT_PROJECT_VERSION = 1;
				DEVELOPMENT_TEAM = U4KLJ47VG6;
				GENERATE_INFOPLIST_FILE = YES;
				IPHONEOS_DEPLOYMENT_TARGET = 17.4;
				MARKETING_VERSION = 1.0;
				PRODUCT_BUNDLE_IDENTIFIER = "com.saveetha.SIMATS-360Tests";
				PRODUCT_NAME = "$(TARGET_NAME)";
				SWIFT_EMIT_LOC_STRINGS = NO;
				SWIFT_VERSION = 5.0;
				TARGETED_DEVICE_FAMILY = "1,2";
				TEST_HOST = "$(BUILT_PRODUCTS_DIR)/Saveetha 360.app/$(BUNDLE_EXECUTABLE_FOLDER_PATH)/Saveetha 360";
			};
			name = Release;
		};
		5D0296C82CABC4780037427C /* Debug */ = {
			isa = XCBuildConfiguration;
			buildSettings = {
				ALWAYS_EMBED_SWIFT_STANDARD_LIBRARIES = YES;
				CODE_SIGN_STYLE = Automatic;
				CURRENT_PROJECT_VERSION = 1;
				DEVELOPMENT_TEAM = U4KLJ47VG6;
				GENERATE_INFOPLIST_FILE = YES;
				MARKETING_VERSION = 1.0;
				PRODUCT_BUNDLE_IDENTIFIER = "com.saveetha.SIMATS-360UITests";
				PRODUCT_NAME = "$(TARGET_NAME)";
				SWIFT_EMIT_LOC_STRINGS = NO;
				SWIFT_VERSION = 5.0;
				TARGETED_DEVICE_FAMILY = "1,2";
				TEST_TARGET_NAME = "SIMATS 360";
			};
			name = Debug;
		};
		5D0296C92CABC4780037427C /* Release */ = {
			isa = XCBuildConfiguration;
			buildSettings = {
				ALWAYS_EMBED_SWIFT_STANDARD_LIBRARIES = YES;
				CODE_SIGN_STYLE = Automatic;
				CURRENT_PROJECT_VERSION = 1;
				DEVELOPMENT_TEAM = U4KLJ47VG6;
				GENERATE_INFOPLIST_FILE = YES;
				MARKETING_VERSION = 1.0;
				PRODUCT_BUNDLE_IDENTIFIER = "com.saveetha.SIMATS-360UITests";
				PRODUCT_NAME = "$(TARGET_NAME)";
				SWIFT_EMIT_LOC_STRINGS = NO;
				SWIFT_VERSION = 5.0;
				TARGETED_DEVICE_FAMILY = "1,2";
				TEST_TARGET_NAME = "SIMATS 360";
			};
			name = Release;
		};
/* End XCBuildConfiguration section */

/* Begin XCConfigurationList section */
		5D02968F2CABC4770037427C /* Build configuration list for PBXProject "Saveetha 360" */ = {
			isa = XCConfigurationList;
			buildConfigurations = (
				5D0296BF2CABC4780037427C /* Debug */,
				5D0296C02CABC4780037427C /* Release */,
			);
			defaultConfigurationIsVisible = 0;
			defaultConfigurationName = Release;
		};
		5D0296C12CABC4780037427C /* Build configuration list for PBXNativeTarget "Saveetha 360" */ = {
			isa = XCConfigurationList;
			buildConfigurations = (
				5D0296C22CABC4780037427C /* Debug */,
				5D0296C32CABC4780037427C /* Release */,
			);
			defaultConfigurationIsVisible = 0;
			defaultConfigurationName = Release;
		};
		5D0296C42CABC4780037427C /* Build configuration list for PBXNativeTarget "Saveetha 360Tests" */ = {
			isa = XCConfigurationList;
			buildConfigurations = (
				5D0296C52CABC4780037427C /* Debug */,
				5D0296C62CABC4780037427C /* Release */,
			);
			defaultConfigurationIsVisible = 0;
			defaultConfigurationName = Release;
		};
		5D0296C72CABC4780037427C /* Build configuration list for PBXNativeTarget "Saveetha 360UITests" */ = {
			isa = XCConfigurationList;
			buildConfigurations = (
				5D0296C82CABC4780037427C /* Debug */,
				5D0296C92CABC4780037427C /* Release */,
			);
			defaultConfigurationIsVisible = 0;
			defaultConfigurationName = Release;
		};
/* End XCConfigurationList section */

/* Begin XCRemoteSwiftPackageReference section */
		23283A992CBCEB3A00E9DB0F /* XCRemoteSwiftPackageReference "NVActivityIndicatorView" */ = {
			isa = XCRemoteSwiftPackageReference;
			repositoryURL = "https://github.com/ninjaprox/NVActivityIndicatorView.git";
			requirement = {
				kind = upToNextMajorVersion;
				minimumVersion = 5.2.0;
			};
		};
		23283A9E2CBCEB4B00E9DB0F /* XCRemoteSwiftPackageReference "IQKeyboardManager" */ = {
			isa = XCRemoteSwiftPackageReference;
			repositoryURL = "https://github.com/hackiftekhar/IQKeyboardManager.git";
			requirement = {
				kind = upToNextMajorVersion;
				minimumVersion = 7.2.0;
			};
		};
		23283AA12CBCEB9600E9DB0F /* XCRemoteSwiftPackageReference "TextFieldEffects" */ = {
			isa = XCRemoteSwiftPackageReference;
			repositoryURL = "https://github.com/raulriera/TextFieldEffects.git";
			requirement = {
				kind = upToNextMajorVersion;
				minimumVersion = 1.7.0;
			};
		};
		5D8E56762CAFE57100900A04 /* XCRemoteSwiftPackageReference "FSCalendar" */ = {
			isa = XCRemoteSwiftPackageReference;
			repositoryURL = "https://github.com/WenchaoD/FSCalendar.git";
			requirement = {
				kind = upToNextMajorVersion;
				minimumVersion = 2.8.4;
			};
		};
/* End XCRemoteSwiftPackageReference section */

/* Begin XCSwiftPackageProductDependency section */
		23283A9A2CBCEB3A00E9DB0F /* NVActivityIndicatorView */ = {
			isa = XCSwiftPackageProductDependency;
			package = 23283A992CBCEB3A00E9DB0F /* XCRemoteSwiftPackageReference "NVActivityIndicatorView" */;
			productName = NVActivityIndicatorView;
		};
		23283A9C2CBCEB3A00E9DB0F /* NVActivityIndicatorViewExtended */ = {
			isa = XCSwiftPackageProductDependency;
			package = 23283A992CBCEB3A00E9DB0F /* XCRemoteSwiftPackageReference "NVActivityIndicatorView" */;
			productName = NVActivityIndicatorViewExtended;
		};
		23283A9F2CBCEB4B00E9DB0F /* IQKeyboardManagerSwift */ = {
			isa = XCSwiftPackageProductDependency;
			package = 23283A9E2CBCEB4B00E9DB0F /* XCRemoteSwiftPackageReference "IQKeyboardManager" */;
			productName = IQKeyboardManagerSwift;
		};
		23283AA22CBCEB9600E9DB0F /* TextFieldEffects */ = {
			isa = XCSwiftPackageProductDependency;
			package = 23283AA12CBCEB9600E9DB0F /* XCRemoteSwiftPackageReference "TextFieldEffects" */;
			productName = TextFieldEffects;
		};
		5D8E56772CAFE57100900A04 /* FSCalendar */ = {
			isa = XCSwiftPackageProductDependency;
			package = 5D8E56762CAFE57100900A04 /* XCRemoteSwiftPackageReference "FSCalendar" */;
			productName = FSCalendar;
		};
/* End XCSwiftPackageProductDependency section */

/* Begin XCVersionGroup section */
		5D0296A02CABC4770037427C /* SIMATS_360.xcdatamodeld */ = {
			isa = XCVersionGroup;
			children = (
				5D0296A12CABC4770037427C /* SIMATS_360.xcdatamodel */,
			);
			currentVersion = 5D0296A12CABC4770037427C /* SIMATS_360.xcdatamodel */;
			path = SIMATS_360.xcdatamodeld;
			sourceTree = "<group>";
			versionGroupType = wrapper.xcdatamodel;
		};
/* End XCVersionGroup section */
	};
	rootObject = 5D02968C2CABC4770037427C /* Project object */;
}
